// !$*UTF8*$!
{
	archiveVersion = 1;
	classes = {
	};
	objectVersion = 46;
	objects = {

/* Begin PBXBuildFile section */
		0051A47E46604E7899DBD95D /* Barlow-Bold.otf in Resources */ = {isa = PBXBuildFile; fileRef = 1578AE641B2E47CEA09F3159 /* Barlow-Bold.otf */; };
		00E356F31AD99517003FC87E /* qonteofacesTests.m in Sources */ = {isa = PBXBuildFile; fileRef = 00E356F21AD99517003FC87E /* qonteofacesTests.m */; };
		05188524FCAD4140A77C17E6 /* BarlowSemiCondensed-ExtraBoldItalic.otf in Resources */ = {isa = PBXBuildFile; fileRef = 9D9BC77A840C4294BB33C0D2 /* BarlowSemiCondensed-ExtraBoldItalic.otf */; };
		05359242678D482497E762CF /* barlowsemicondensed-italic.otf in Resources */ = {isa = PBXBuildFile; fileRef = 363FD07765964D54AF3B546B /* barlowsemicondensed-italic.otf */; };
		0634F6B7F76E45A2BD216858 /* BarlowSemiCondensed-Regular.otf in Resources */ = {isa = PBXBuildFile; fileRef = 43BEEF99A80D4CE1A4115CC9 /* BarlowSemiCondensed-Regular.otf */; };
		072B90F9C36D4BA5BB72D0F2 /* barlowsemicondensed-thin.otf in Resources */ = {isa = PBXBuildFile; fileRef = 6987B7C4BBAF44B8ABA39615 /* barlowsemicondensed-thin.otf */; };
		0A8ADC8D504E483D8E9A267E /* Barlow-MediumItalic.otf in Resources */ = {isa = PBXBuildFile; fileRef = 44F9C6466B144116808946A6 /* Barlow-MediumItalic.otf */; };
		0DA163D8ADE7479E87C6E499 /* BarlowCondensed-ExtraLight.otf in Resources */ = {isa = PBXBuildFile; fileRef = 75966CC998514F8385BDEC8C /* BarlowCondensed-ExtraLight.otf */; };
		0DB9AB9CE1AE443FBE8CE03F /* BarlowCondensed-Light.otf in Resources */ = {isa = PBXBuildFile; fileRef = 189047F4C89440F397BB999C /* BarlowCondensed-Light.otf */; };
		0E0BD3FE251E4EA6944235F5 /* BarlowCondensed-Black.otf in Resources */ = {isa = PBXBuildFile; fileRef = 98CCDA25A8F847C9B961619F /* BarlowCondensed-Black.otf */; };
		13B07FBC1A68108700A75B9A /* AppDelegate.m in Sources */ = {isa = PBXBuildFile; fileRef = 13B07FB01A68108700A75B9A /* AppDelegate.m */; };
		13B07FBF1A68108700A75B9A /* Images.xcassets in Resources */ = {isa = PBXBuildFile; fileRef = 13B07FB51A68108700A75B9A /* Images.xcassets */; };
		13B07FC11A68108700A75B9A /* main.m in Sources */ = {isa = PBXBuildFile; fileRef = 13B07FB71A68108700A75B9A /* main.m */; };
		13B8C8AA5C61419298F9A088 /* BarlowCondensed-ThinItalic.otf in Resources */ = {isa = PBXBuildFile; fileRef = CA16E6C793504337B00AC8FA /* BarlowCondensed-ThinItalic.otf */; };
		16E6D87A1F754731A2D6887B /* Barlow-ThinItalic.otf in Resources */ = {isa = PBXBuildFile; fileRef = BC473767405A416EA4BE4ED9 /* Barlow-ThinItalic.otf */; };
		1C39129D77624826B72622E4 /* BarlowCondensed-Bold.otf in Resources */ = {isa = PBXBuildFile; fileRef = EB6BCCB53FAB4589AEF4E7A2 /* BarlowCondensed-Bold.otf */; };
		250B165822CD40749127C51A /* BarlowCondensed-ExtraBold.otf in Resources */ = {isa = PBXBuildFile; fileRef = 092FFD9AA961466F90015CE5 /* BarlowCondensed-ExtraBold.otf */; };
		2805FF5CECF05E55EA3E9F6E /* libPods-qonteofaces.a in Frameworks */ = {isa = PBXBuildFile; fileRef = BBE0C331D6F6A580F17AAC3B /* libPods-qonteofaces.a */; };
		287D96D19959497885AB0969 /* BarlowCondensed-ExtraLightItalic.otf in Resources */ = {isa = PBXBuildFile; fileRef = C7083DBE56844A68AFCD8191 /* BarlowCondensed-ExtraLightItalic.otf */; };
		2992D557B07A40D0BE61F1CC /* BarlowCondensed-Medium.otf in Resources */ = {isa = PBXBuildFile; fileRef = 347E0C66409248E89C2969CC /* BarlowCondensed-Medium.otf */; };
		2D02E4BC1E0B4A80006451C7 /* AppDelegate.m in Sources */ = {isa = PBXBuildFile; fileRef = 13B07FB01A68108700A75B9A /* AppDelegate.m */; };
		2D02E4BD1E0B4A84006451C7 /* Images.xcassets in Resources */ = {isa = PBXBuildFile; fileRef = 13B07FB51A68108700A75B9A /* Images.xcassets */; };
		2D02E4BF1E0B4AB3006451C7 /* main.m in Sources */ = {isa = PBXBuildFile; fileRef = 13B07FB71A68108700A75B9A /* main.m */; };
		2DCD954D1E0B4F2C00145EB5 /* qonteofacesTests.m in Sources */ = {isa = PBXBuildFile; fileRef = 00E356F21AD99517003FC87E /* qonteofacesTests.m */; };
		3A19E7EA9EEA41ECA66DB394 /* Barlow-Medium.otf in Resources */ = {isa = PBXBuildFile; fileRef = 56251C2927834B949FAAA9D6 /* Barlow-Medium.otf */; };
		4002387B8D78BADB38F2A846 /* libPods-qonteofaces-tvOS.a in Frameworks */ = {isa = PBXBuildFile; fileRef = 6A192CF09E08BA2C8A6C720B /* libPods-qonteofaces-tvOS.a */; };
		41FB5BD6DD4A47E0B0491180 /* BarlowCondensed-Italic.otf in Resources */ = {isa = PBXBuildFile; fileRef = 98117641DAD943EFAB715EDA /* BarlowCondensed-Italic.otf */; };
		458B296377D94B01B44D72E9 /* Barlow-Light.otf in Resources */ = {isa = PBXBuildFile; fileRef = BA43B1887A15412BA8280307 /* Barlow-Light.otf */; };
		4597930D5F054057ACDC4A85 /* Barlow-Regular.otf in Resources */ = {isa = PBXBuildFile; fileRef = 083F84D0C14D461DB4F31B39 /* Barlow-Regular.otf */; };
		4CFE0AF9EA8E45E88DCAB1D1 /* BarlowCondensed-MediumItalic.otf in Resources */ = {isa = PBXBuildFile; fileRef = D79FA81BE14445B597AB514A /* BarlowCondensed-MediumItalic.otf */; };
		50E4C650FF44411E8AFE09FA /* BarlowSemiCondensed-BlackItalic.otf in Resources */ = {isa = PBXBuildFile; fileRef = 94890F6813FF4AA588787F51 /* BarlowSemiCondensed-BlackItalic.otf */; };
		5507803E25EB48F7832C2C13 /* BarlowSemiCondensed-Black.otf in Resources */ = {isa = PBXBuildFile; fileRef = 1D9A02CD68A446EF93C34E03 /* BarlowSemiCondensed-Black.otf */; };
		5521771DBE7E448ABDF77A9B /* BarlowCondensed-SemiBold.otf in Resources */ = {isa = PBXBuildFile; fileRef = 077D0DC63F8145ACB029DDE7 /* BarlowCondensed-SemiBold.otf */; };
		5A494D4A9FE848B9A92163FC /* barlowcondensed-blackitalic.otf in Resources */ = {isa = PBXBuildFile; fileRef = 716BFF1EBACE4D3FA7D0FB76 /* barlowcondensed-blackitalic.otf */; };
		5CBF8E1CF4C74A189BBC298C /* Barlow-Extra Bold Italic.ttf in Resources */ = {isa = PBXBuildFile; fileRef = E9C9CD8461F54ADD804A14F8 /* Barlow-Extra Bold Italic.ttf */; };
		5D57F2AFA35844EDBFAE51F9 /* Barlow-ExtraLightItalic.otf in Resources */ = {isa = PBXBuildFile; fileRef = DA19262E3DD747B5845749D6 /* Barlow-ExtraLightItalic.otf */; };
		64CA089A8B5F45528B1F0873 /* BarlowSemiCondensed-SemiBold.otf in Resources */ = {isa = PBXBuildFile; fileRef = E4FA9E46603D477DA573CD24 /* BarlowSemiCondensed-SemiBold.otf */; };
		657DBC4719BB4C2BBDFD38C4 /* Rotters.ttf in Resources */ = {isa = PBXBuildFile; fileRef = 05246BDEC0274353BF93B4A2 /* Rotters.ttf */; };
		6A828DC1275B4D088BCB765D /* barlowsemicondensed-light.otf in Resources */ = {isa = PBXBuildFile; fileRef = 495BAB4C252343459CBD8671 /* barlowsemicondensed-light.otf */; };
		6AE8E39152F215F8ECBCAF56 /* libPods-qonteofaces-tvOSTests.a in Frameworks */ = {isa = PBXBuildFile; fileRef = C0C915A33FC75664BC4AB619 /* libPods-qonteofaces-tvOSTests.a */; };
		6AFCB1AD115849449BEAC0A3 /* Barlow-Black.otf in Resources */ = {isa = PBXBuildFile; fileRef = 4AFDF4AD64884B89984A5CC4 /* Barlow-Black.otf */; };
		70CC3AF09B664BFAA3D61C9D /* Barlow-Italic.otf in Resources */ = {isa = PBXBuildFile; fileRef = 02E5700A8F0B47D38E1ED5A5 /* Barlow-Italic.otf */; };
		74A3CDF72F3A4E509C3A6D99 /* Barlow-SemiBold.otf in Resources */ = {isa = PBXBuildFile; fileRef = 6536443820C7444F8E9060E6 /* Barlow-SemiBold.otf */; };
		7B0D45E37EF848C0865793D4 /* barlowsemicondensed-mediumitalic.otf in Resources */ = {isa = PBXBuildFile; fileRef = 2130C46960A948CC932B8834 /* barlowsemicondensed-mediumitalic.otf */; };
		80DF319753B4460DAFC2A880 /* BarlowCondensed-LightItalic.otf in Resources */ = {isa = PBXBuildFile; fileRef = A83A192DAEA84D6381A7B41A /* BarlowCondensed-LightItalic.otf */; };
		811890A0F58B41AB91ED3271 /* Barlow-Thin.otf in Resources */ = {isa = PBXBuildFile; fileRef = 98A7617E8D7A4A05A7F9C564 /* Barlow-Thin.otf */; };
		81AB9BB82411601600AC10FF /* LaunchScreen.storyboard in Resources */ = {isa = PBXBuildFile; fileRef = 81AB9BB72411601600AC10FF /* LaunchScreen.storyboard */; };
		863470A5885E4B0F99A0EB24 /* BarlowSemiCondensed-LightItalic.otf in Resources */ = {isa = PBXBuildFile; fileRef = AC3E7BCB550444E38028AE98 /* BarlowSemiCondensed-LightItalic.otf */; };
		8805C0B9A2AA45C0823A858C /* Barlow-ExtraLight.otf in Resources */ = {isa = PBXBuildFile; fileRef = 0816294278D2459B81E8EC72 /* Barlow-ExtraLight.otf */; };
		8EFE7E05EFB047FABE83CE23 /* BarlowCondensed-SemiBoldItalic.otf in Resources */ = {isa = PBXBuildFile; fileRef = F9BBECE51E994D3AB33CCA69 /* BarlowCondensed-SemiBoldItalic.otf */; };
		8FDF4C9BD2494F988F867BBC /* BarlowSemiCondensed-BoldItalic.otf in Resources */ = {isa = PBXBuildFile; fileRef = 97BEA166BB7D40B3B67C515C /* BarlowSemiCondensed-BoldItalic.otf */; };
		9414EC0679754634834CA7BE /* barlowsemicondensed-thinitalic.otf in Resources */ = {isa = PBXBuildFile; fileRef = FC5814499F664B5AB8BA6862 /* barlowsemicondensed-thinitalic.otf */; };
		97D236DFD9294BB6A8EB27A9 /* BarlowSemiCondensed-ExtraLight.otf in Resources */ = {isa = PBXBuildFile; fileRef = 6A5F285E85644EC6BD5586B1 /* BarlowSemiCondensed-ExtraLight.otf */; };
		9EBB797B73EA458994C14FCF /* BarlowSemiCondensed-Medium.otf in Resources */ = {isa = PBXBuildFile; fileRef = BF952A0B8DB04D7AB96A8CEA /* BarlowSemiCondensed-Medium.otf */; };
		9F0FA74E79417CD58EB89137 /* libPods-qonteofaces-qonteofacesTests.a in Frameworks */ = {isa = PBXBuildFile; fileRef = 4AF4F8CE083F70E5A0B0CC3C /* libPods-qonteofaces-qonteofacesTests.a */; };
		AB611A085B7E490E83B5456C /* Barlow-BlackItalic.otf in Resources */ = {isa = PBXBuildFile; fileRef = FBD84DEB1CBA4E35BC80AC8C /* Barlow-BlackItalic.otf */; };
		B1275C982EF8430D85392166 /* BarlowSemiCondensed-SemiBoldItalic.otf in Resources */ = {isa = PBXBuildFile; fileRef = 075B2B184A6147D49FC1749F /* BarlowSemiCondensed-SemiBoldItalic.otf */; };
		B9FE16ECCC844BF8B6A29905 /* BarlowCondensed-Regular.otf in Resources */ = {isa = PBXBuildFile; fileRef = F2343619F61043B0B6144D60 /* BarlowCondensed-Regular.otf */; };
		C1854BF52C554C78AB8F5B6A /* BarlowCondensed-Thin.otf in Resources */ = {isa = PBXBuildFile; fileRef = EAA27187689B457BB56964C0 /* BarlowCondensed-Thin.otf */; };
		C1F9FCE05DF0408384A8AE60 /* Barlow-Extra Bold.ttf in Resources */ = {isa = PBXBuildFile; fileRef = 589FEB7DC13B4CDABE089D7B /* Barlow-Extra Bold.ttf */; };
		C780608D54E641EAA1B4C593 /* BarlowCondensed-BoldItalic.otf in Resources */ = {isa = PBXBuildFile; fileRef = 48C9118152224808B57B9DBD /* BarlowCondensed-BoldItalic.otf */; };
		D0FC0DDE52FC432FA5091945 /* Barlow-LightItalic.otf in Resources */ = {isa = PBXBuildFile; fileRef = ABB084F69A2D4B829DA58D1B /* Barlow-LightItalic.otf */; };
		D5967F8A288148EAB4EDFD71 /* barlowsemicondensed-extralightitalic.otf in Resources */ = {isa = PBXBuildFile; fileRef = A8CB36F86F42476D9B40B3DA /* barlowsemicondensed-extralightitalic.otf */; };
		E7E7E5935FCD4ED4AE825B3B /* BarlowSemiCondensed-Bold.otf in Resources */ = {isa = PBXBuildFile; fileRef = 58BFECE5F2674FB18B7F42FD /* BarlowSemiCondensed-Bold.otf */; };
		E9D1F464D6D747CAB0CD0EF5 /* BarlowCondensed-ExtraBoldItalic.otf in Resources */ = {isa = PBXBuildFile; fileRef = C4906264C1C547C6BF751498 /* BarlowCondensed-ExtraBoldItalic.otf */; };
		F0FB31E242F4418DB520D865 /* Barlow-SemiBoldItalic.otf in Resources */ = {isa = PBXBuildFile; fileRef = B7CA1EE748AD493087280DFD /* Barlow-SemiBoldItalic.otf */; };
		F7BB012BE6984A0198621E63 /* barlowsemicondensed-extrabold.otf in Resources */ = {isa = PBXBuildFile; fileRef = 14F34E4B12504BD4943730C4 /* barlowsemicondensed-extrabold.otf */; };
		FCE4986E1DE140E4BBBD621A /* Barlow-BoldItalic.otf in Resources */ = {isa = PBXBuildFile; fileRef = 412233BA1C3146DFBABC7182 /* Barlow-BoldItalic.otf */; };
/* End PBXBuildFile section */

/* Begin PBXContainerItemProxy section */
		00E356F41AD99517003FC87E /* PBXContainerItemProxy */ = {
			isa = PBXContainerItemProxy;
			containerPortal = 83CBB9F71A601CBA00E9B192 /* Project object */;
			proxyType = 1;
			remoteGlobalIDString = 13B07F861A680F5B00A75B9A;
			remoteInfo = qonteofaces;
		};
		2D02E4911E0B4A5D006451C7 /* PBXContainerItemProxy */ = {
			isa = PBXContainerItemProxy;
			containerPortal = 83CBB9F71A601CBA00E9B192 /* Project object */;
			proxyType = 1;
			remoteGlobalIDString = 2D02E47A1E0B4A5D006451C7;
			remoteInfo = "qonteofaces-tvOS";
		};
/* End PBXContainerItemProxy section */

/* Begin PBXFileReference section */
		008F07F21AC5B25A0029DE68 /* main.jsbundle */ = {isa = PBXFileReference; fileEncoding = 4; lastKnownFileType = text; path = main.jsbundle; sourceTree = "<group>"; };
		00E356EE1AD99517003FC87E /* qonteofacesTests.xctest */ = {isa = PBXFileReference; explicitFileType = wrapper.cfbundle; includeInIndex = 0; path = qonteofacesTests.xctest; sourceTree = BUILT_PRODUCTS_DIR; };
		00E356F11AD99517003FC87E /* Info.plist */ = {isa = PBXFileReference; lastKnownFileType = text.plist.xml; path = Info.plist; sourceTree = "<group>"; };
		00E356F21AD99517003FC87E /* qonteofacesTests.m */ = {isa = PBXFileReference; lastKnownFileType = sourcecode.c.objc; path = qonteofacesTests.m; sourceTree = "<group>"; };
		0155683721B533046A862F06 /* Pods-qonteofaces.debug.xcconfig */ = {isa = PBXFileReference; includeInIndex = 1; lastKnownFileType = text.xcconfig; name = "Pods-qonteofaces.debug.xcconfig"; path = "Target Support Files/Pods-qonteofaces/Pods-qonteofaces.debug.xcconfig"; sourceTree = "<group>"; };
		02E5700A8F0B47D38E1ED5A5 /* Barlow-Italic.otf */ = {isa = PBXFileReference; explicitFileType = undefined; fileEncoding = 9; includeInIndex = 0; lastKnownFileType = unknown; name = "Barlow-Italic.otf"; path = "../src/assets/fonts/barlow/Barlow-Italic.otf"; sourceTree = "<group>"; };
		05246BDEC0274353BF93B4A2 /* Rotters.ttf */ = {isa = PBXFileReference; explicitFileType = undefined; fileEncoding = 9; includeInIndex = 0; lastKnownFileType = unknown; name = Rotters.ttf; path = ../src/assets/fonts/Rotters.ttf; sourceTree = "<group>"; };
		06A5ED8AF58B9320C792861E /* Pods-qonteofaces-tvOS.release.xcconfig */ = {isa = PBXFileReference; includeInIndex = 1; lastKnownFileType = text.xcconfig; name = "Pods-qonteofaces-tvOS.release.xcconfig"; path = "Target Support Files/Pods-qonteofaces-tvOS/Pods-qonteofaces-tvOS.release.xcconfig"; sourceTree = "<group>"; };
		075B2B184A6147D49FC1749F /* BarlowSemiCondensed-SemiBoldItalic.otf */ = {isa = PBXFileReference; explicitFileType = undefined; fileEncoding = 9; includeInIndex = 0; lastKnownFileType = unknown; name = "BarlowSemiCondensed-SemiBoldItalic.otf"; path = "../src/assets/fonts/barlow/BarlowSemiCondensed-SemiBoldItalic.otf"; sourceTree = "<group>"; };
		077D0DC63F8145ACB029DDE7 /* BarlowCondensed-SemiBold.otf */ = {isa = PBXFileReference; explicitFileType = undefined; fileEncoding = 9; includeInIndex = 0; lastKnownFileType = unknown; name = "BarlowCondensed-SemiBold.otf"; path = "../src/assets/fonts/barlow/BarlowCondensed-SemiBold.otf"; sourceTree = "<group>"; };
		0816294278D2459B81E8EC72 /* Barlow-ExtraLight.otf */ = {isa = PBXFileReference; explicitFileType = undefined; fileEncoding = 9; includeInIndex = 0; lastKnownFileType = unknown; name = "Barlow-ExtraLight.otf"; path = "../src/assets/fonts/barlow/Barlow-ExtraLight.otf"; sourceTree = "<group>"; };
		083F84D0C14D461DB4F31B39 /* Barlow-Regular.otf */ = {isa = PBXFileReference; explicitFileType = undefined; fileEncoding = 9; includeInIndex = 0; lastKnownFileType = unknown; name = "Barlow-Regular.otf"; path = "../src/assets/fonts/barlow/Barlow-Regular.otf"; sourceTree = "<group>"; };
		092FFD9AA961466F90015CE5 /* BarlowCondensed-ExtraBold.otf */ = {isa = PBXFileReference; explicitFileType = undefined; fileEncoding = 9; includeInIndex = 0; lastKnownFileType = unknown; name = "BarlowCondensed-ExtraBold.otf"; path = "../src/assets/fonts/barlow/BarlowCondensed-ExtraBold.otf"; sourceTree = "<group>"; };
		13B07F961A680F5B00A75B9A /* qonteofaces.app */ = {isa = PBXFileReference; explicitFileType = wrapper.application; includeInIndex = 0; path = qonteofaces.app; sourceTree = BUILT_PRODUCTS_DIR; };
		13B07FAF1A68108700A75B9A /* AppDelegate.h */ = {isa = PBXFileReference; fileEncoding = 4; lastKnownFileType = sourcecode.c.h; name = AppDelegate.h; path = qonteofaces/AppDelegate.h; sourceTree = "<group>"; };
		13B07FB01A68108700A75B9A /* AppDelegate.m */ = {isa = PBXFileReference; fileEncoding = 4; lastKnownFileType = sourcecode.c.objc; name = AppDelegate.m; path = qonteofaces/AppDelegate.m; sourceTree = "<group>"; };
		13B07FB51A68108700A75B9A /* Images.xcassets */ = {isa = PBXFileReference; lastKnownFileType = folder.assetcatalog; name = Images.xcassets; path = qonteofaces/Images.xcassets; sourceTree = "<group>"; };
		13B07FB61A68108700A75B9A /* Info.plist */ = {isa = PBXFileReference; fileEncoding = 4; lastKnownFileType = text.plist.xml; name = Info.plist; path = qonteofaces/Info.plist; sourceTree = "<group>"; };
		13B07FB71A68108700A75B9A /* main.m */ = {isa = PBXFileReference; fileEncoding = 4; lastKnownFileType = sourcecode.c.objc; name = main.m; path = qonteofaces/main.m; sourceTree = "<group>"; };
		14F34E4B12504BD4943730C4 /* barlowsemicondensed-extrabold.otf */ = {isa = PBXFileReference; explicitFileType = undefined; fileEncoding = 9; includeInIndex = 0; lastKnownFileType = unknown; name = "barlowsemicondensed-extrabold.otf"; path = "../src/assets/fonts/barlow/barlowsemicondensed-extrabold.otf"; sourceTree = "<group>"; };
		1578AE641B2E47CEA09F3159 /* Barlow-Bold.otf */ = {isa = PBXFileReference; explicitFileType = undefined; fileEncoding = 9; includeInIndex = 0; lastKnownFileType = unknown; name = "Barlow-Bold.otf"; path = "../src/assets/fonts/barlow/Barlow-Bold.otf"; sourceTree = "<group>"; };
		189047F4C89440F397BB999C /* BarlowCondensed-Light.otf */ = {isa = PBXFileReference; explicitFileType = undefined; fileEncoding = 9; includeInIndex = 0; lastKnownFileType = unknown; name = "BarlowCondensed-Light.otf"; path = "../src/assets/fonts/barlow/BarlowCondensed-Light.otf"; sourceTree = "<group>"; };
		1D9A02CD68A446EF93C34E03 /* BarlowSemiCondensed-Black.otf */ = {isa = PBXFileReference; explicitFileType = undefined; fileEncoding = 9; includeInIndex = 0; lastKnownFileType = unknown; name = "BarlowSemiCondensed-Black.otf"; path = "../src/assets/fonts/barlow/BarlowSemiCondensed-Black.otf"; sourceTree = "<group>"; };
		1EFCFEE3EEF2CF304314F65D /* Pods-qonteofaces-qonteofacesTests.release.xcconfig */ = {isa = PBXFileReference; includeInIndex = 1; lastKnownFileType = text.xcconfig; name = "Pods-qonteofaces-qonteofacesTests.release.xcconfig"; path = "Target Support Files/Pods-qonteofaces-qonteofacesTests/Pods-qonteofaces-qonteofacesTests.release.xcconfig"; sourceTree = "<group>"; };
		2130C46960A948CC932B8834 /* barlowsemicondensed-mediumitalic.otf */ = {isa = PBXFileReference; explicitFileType = undefined; fileEncoding = 9; includeInIndex = 0; lastKnownFileType = unknown; name = "barlowsemicondensed-mediumitalic.otf"; path = "../src/assets/fonts/barlow/barlowsemicondensed-mediumitalic.otf"; sourceTree = "<group>"; };
		2D02E47B1E0B4A5D006451C7 /* qonteofaces-tvOS.app */ = {isa = PBXFileReference; explicitFileType = wrapper.application; includeInIndex = 0; path = "qonteofaces-tvOS.app"; sourceTree = BUILT_PRODUCTS_DIR; };
		2D02E4901E0B4A5D006451C7 /* qonteofaces-tvOSTests.xctest */ = {isa = PBXFileReference; explicitFileType = wrapper.cfbundle; includeInIndex = 0; path = "qonteofaces-tvOSTests.xctest"; sourceTree = BUILT_PRODUCTS_DIR; };
		347E0C66409248E89C2969CC /* BarlowCondensed-Medium.otf */ = {isa = PBXFileReference; explicitFileType = undefined; fileEncoding = 9; includeInIndex = 0; lastKnownFileType = unknown; name = "BarlowCondensed-Medium.otf"; path = "../src/assets/fonts/barlow/BarlowCondensed-Medium.otf"; sourceTree = "<group>"; };
		363FD07765964D54AF3B546B /* barlowsemicondensed-italic.otf */ = {isa = PBXFileReference; explicitFileType = undefined; fileEncoding = 9; includeInIndex = 0; lastKnownFileType = unknown; name = "barlowsemicondensed-italic.otf"; path = "../src/assets/fonts/barlow/barlowsemicondensed-italic.otf"; sourceTree = "<group>"; };
		412233BA1C3146DFBABC7182 /* Barlow-BoldItalic.otf */ = {isa = PBXFileReference; explicitFileType = undefined; fileEncoding = 9; includeInIndex = 0; lastKnownFileType = unknown; name = "Barlow-BoldItalic.otf"; path = "../src/assets/fonts/barlow/Barlow-BoldItalic.otf"; sourceTree = "<group>"; };
		43BEEF99A80D4CE1A4115CC9 /* BarlowSemiCondensed-Regular.otf */ = {isa = PBXFileReference; explicitFileType = undefined; fileEncoding = 9; includeInIndex = 0; lastKnownFileType = unknown; name = "BarlowSemiCondensed-Regular.otf"; path = "../src/assets/fonts/barlow/BarlowSemiCondensed-Regular.otf"; sourceTree = "<group>"; };
		44F9C6466B144116808946A6 /* Barlow-MediumItalic.otf */ = {isa = PBXFileReference; explicitFileType = undefined; fileEncoding = 9; includeInIndex = 0; lastKnownFileType = unknown; name = "Barlow-MediumItalic.otf"; path = "../src/assets/fonts/barlow/Barlow-MediumItalic.otf"; sourceTree = "<group>"; };
		4567BC072BD4A65176D60525 /* Pods-qonteofaces-tvOS.debug.xcconfig */ = {isa = PBXFileReference; includeInIndex = 1; lastKnownFileType = text.xcconfig; name = "Pods-qonteofaces-tvOS.debug.xcconfig"; path = "Target Support Files/Pods-qonteofaces-tvOS/Pods-qonteofaces-tvOS.debug.xcconfig"; sourceTree = "<group>"; };
		48C9118152224808B57B9DBD /* BarlowCondensed-BoldItalic.otf */ = {isa = PBXFileReference; explicitFileType = undefined; fileEncoding = 9; includeInIndex = 0; lastKnownFileType = unknown; name = "BarlowCondensed-BoldItalic.otf"; path = "../src/assets/fonts/barlow/BarlowCondensed-BoldItalic.otf"; sourceTree = "<group>"; };
		495BAB4C252343459CBD8671 /* barlowsemicondensed-light.otf */ = {isa = PBXFileReference; explicitFileType = undefined; fileEncoding = 9; includeInIndex = 0; lastKnownFileType = unknown; name = "barlowsemicondensed-light.otf"; path = "../src/assets/fonts/barlow/barlowsemicondensed-light.otf"; sourceTree = "<group>"; };
		4AF4F8CE083F70E5A0B0CC3C /* libPods-qonteofaces-qonteofacesTests.a */ = {isa = PBXFileReference; explicitFileType = archive.ar; includeInIndex = 0; path = "libPods-qonteofaces-qonteofacesTests.a"; sourceTree = BUILT_PRODUCTS_DIR; };
		4AFDF4AD64884B89984A5CC4 /* Barlow-Black.otf */ = {isa = PBXFileReference; explicitFileType = undefined; fileEncoding = 9; includeInIndex = 0; lastKnownFileType = unknown; name = "Barlow-Black.otf"; path = "../src/assets/fonts/barlow/Barlow-Black.otf"; sourceTree = "<group>"; };
		56251C2927834B949FAAA9D6 /* Barlow-Medium.otf */ = {isa = PBXFileReference; explicitFileType = undefined; fileEncoding = 9; includeInIndex = 0; lastKnownFileType = unknown; name = "Barlow-Medium.otf"; path = "../src/assets/fonts/barlow/Barlow-Medium.otf"; sourceTree = "<group>"; };
		589FEB7DC13B4CDABE089D7B /* Barlow-Extra Bold.ttf */ = {isa = PBXFileReference; explicitFileType = undefined; fileEncoding = 9; includeInIndex = 0; lastKnownFileType = unknown; name = "Barlow-Extra Bold.ttf"; path = "../src/assets/fonts/barlow/Barlow-Extra Bold.ttf"; sourceTree = "<group>"; };
		58BFECE5F2674FB18B7F42FD /* BarlowSemiCondensed-Bold.otf */ = {isa = PBXFileReference; explicitFileType = undefined; fileEncoding = 9; includeInIndex = 0; lastKnownFileType = unknown; name = "BarlowSemiCondensed-Bold.otf"; path = "../src/assets/fonts/barlow/BarlowSemiCondensed-Bold.otf"; sourceTree = "<group>"; };
		64901CA508D76E8D921AB8A4 /* Pods-qonteofaces-tvOSTests.debug.xcconfig */ = {isa = PBXFileReference; includeInIndex = 1; lastKnownFileType = text.xcconfig; name = "Pods-qonteofaces-tvOSTests.debug.xcconfig"; path = "Target Support Files/Pods-qonteofaces-tvOSTests/Pods-qonteofaces-tvOSTests.debug.xcconfig"; sourceTree = "<group>"; };
		6536443820C7444F8E9060E6 /* Barlow-SemiBold.otf */ = {isa = PBXFileReference; explicitFileType = undefined; fileEncoding = 9; includeInIndex = 0; lastKnownFileType = unknown; name = "Barlow-SemiBold.otf"; path = "../src/assets/fonts/barlow/Barlow-SemiBold.otf"; sourceTree = "<group>"; };
		6987B7C4BBAF44B8ABA39615 /* barlowsemicondensed-thin.otf */ = {isa = PBXFileReference; explicitFileType = undefined; fileEncoding = 9; includeInIndex = 0; lastKnownFileType = unknown; name = "barlowsemicondensed-thin.otf"; path = "../src/assets/fonts/barlow/barlowsemicondensed-thin.otf"; sourceTree = "<group>"; };
		6A192CF09E08BA2C8A6C720B /* libPods-qonteofaces-tvOS.a */ = {isa = PBXFileReference; explicitFileType = archive.ar; includeInIndex = 0; path = "libPods-qonteofaces-tvOS.a"; sourceTree = BUILT_PRODUCTS_DIR; };
		6A5F285E85644EC6BD5586B1 /* BarlowSemiCondensed-ExtraLight.otf */ = {isa = PBXFileReference; explicitFileType = undefined; fileEncoding = 9; includeInIndex = 0; lastKnownFileType = unknown; name = "BarlowSemiCondensed-ExtraLight.otf"; path = "../src/assets/fonts/barlow/BarlowSemiCondensed-ExtraLight.otf"; sourceTree = "<group>"; };
		716BFF1EBACE4D3FA7D0FB76 /* barlowcondensed-blackitalic.otf */ = {isa = PBXFileReference; explicitFileType = undefined; fileEncoding = 9; includeInIndex = 0; lastKnownFileType = unknown; name = "barlowcondensed-blackitalic.otf"; path = "../src/assets/fonts/barlow/barlowcondensed-blackitalic.otf"; sourceTree = "<group>"; };
		725E47C82636934B4A158B65 /* Pods-qonteofaces-qonteofacesTests.debug.xcconfig */ = {isa = PBXFileReference; includeInIndex = 1; lastKnownFileType = text.xcconfig; name = "Pods-qonteofaces-qonteofacesTests.debug.xcconfig"; path = "Target Support Files/Pods-qonteofaces-qonteofacesTests/Pods-qonteofaces-qonteofacesTests.debug.xcconfig"; sourceTree = "<group>"; };
		74F2A5ECA95A412382B21D86 /* Pods-qonteofaces.release.xcconfig */ = {isa = PBXFileReference; includeInIndex = 1; lastKnownFileType = text.xcconfig; name = "Pods-qonteofaces.release.xcconfig"; path = "Target Support Files/Pods-qonteofaces/Pods-qonteofaces.release.xcconfig"; sourceTree = "<group>"; };
		75966CC998514F8385BDEC8C /* BarlowCondensed-ExtraLight.otf */ = {isa = PBXFileReference; explicitFileType = undefined; fileEncoding = 9; includeInIndex = 0; lastKnownFileType = unknown; name = "BarlowCondensed-ExtraLight.otf"; path = "../src/assets/fonts/barlow/BarlowCondensed-ExtraLight.otf"; sourceTree = "<group>"; };
		81AB9BB72411601600AC10FF /* LaunchScreen.storyboard */ = {isa = PBXFileReference; fileEncoding = 4; lastKnownFileType = file.storyboard; name = LaunchScreen.storyboard; path = qonteofaces/LaunchScreen.storyboard; sourceTree = "<group>"; };
		8EFF6047827ACBBEAC1BC8E0 /* Pods-qonteofaces-tvOSTests.release.xcconfig */ = {isa = PBXFileReference; includeInIndex = 1; lastKnownFileType = text.xcconfig; name = "Pods-qonteofaces-tvOSTests.release.xcconfig"; path = "Target Support Files/Pods-qonteofaces-tvOSTests/Pods-qonteofaces-tvOSTests.release.xcconfig"; sourceTree = "<group>"; };
		94890F6813FF4AA588787F51 /* BarlowSemiCondensed-BlackItalic.otf */ = {isa = PBXFileReference; explicitFileType = undefined; fileEncoding = 9; includeInIndex = 0; lastKnownFileType = unknown; name = "BarlowSemiCondensed-BlackItalic.otf"; path = "../src/assets/fonts/barlow/BarlowSemiCondensed-BlackItalic.otf"; sourceTree = "<group>"; };
		97BEA166BB7D40B3B67C515C /* BarlowSemiCondensed-BoldItalic.otf */ = {isa = PBXFileReference; explicitFileType = undefined; fileEncoding = 9; includeInIndex = 0; lastKnownFileType = unknown; name = "BarlowSemiCondensed-BoldItalic.otf"; path = "../src/assets/fonts/barlow/BarlowSemiCondensed-BoldItalic.otf"; sourceTree = "<group>"; };
		98117641DAD943EFAB715EDA /* BarlowCondensed-Italic.otf */ = {isa = PBXFileReference; explicitFileType = undefined; fileEncoding = 9; includeInIndex = 0; lastKnownFileType = unknown; name = "BarlowCondensed-Italic.otf"; path = "../src/assets/fonts/barlow/BarlowCondensed-Italic.otf"; sourceTree = "<group>"; };
		98A7617E8D7A4A05A7F9C564 /* Barlow-Thin.otf */ = {isa = PBXFileReference; explicitFileType = undefined; fileEncoding = 9; includeInIndex = 0; lastKnownFileType = unknown; name = "Barlow-Thin.otf"; path = "../src/assets/fonts/barlow/Barlow-Thin.otf"; sourceTree = "<group>"; };
		98CCDA25A8F847C9B961619F /* BarlowCondensed-Black.otf */ = {isa = PBXFileReference; explicitFileType = undefined; fileEncoding = 9; includeInIndex = 0; lastKnownFileType = unknown; name = "BarlowCondensed-Black.otf"; path = "../src/assets/fonts/barlow/BarlowCondensed-Black.otf"; sourceTree = "<group>"; };
		9D9BC77A840C4294BB33C0D2 /* BarlowSemiCondensed-ExtraBoldItalic.otf */ = {isa = PBXFileReference; explicitFileType = undefined; fileEncoding = 9; includeInIndex = 0; lastKnownFileType = unknown; name = "BarlowSemiCondensed-ExtraBoldItalic.otf"; path = "../src/assets/fonts/barlow/BarlowSemiCondensed-ExtraBoldItalic.otf"; sourceTree = "<group>"; };
		A83A192DAEA84D6381A7B41A /* BarlowCondensed-LightItalic.otf */ = {isa = PBXFileReference; explicitFileType = undefined; fileEncoding = 9; includeInIndex = 0; lastKnownFileType = unknown; name = "BarlowCondensed-LightItalic.otf"; path = "../src/assets/fonts/barlow/BarlowCondensed-LightItalic.otf"; sourceTree = "<group>"; };
		A8CB36F86F42476D9B40B3DA /* barlowsemicondensed-extralightitalic.otf */ = {isa = PBXFileReference; explicitFileType = undefined; fileEncoding = 9; includeInIndex = 0; lastKnownFileType = unknown; name = "barlowsemicondensed-extralightitalic.otf"; path = "../src/assets/fonts/barlow/barlowsemicondensed-extralightitalic.otf"; sourceTree = "<group>"; };
		ABB084F69A2D4B829DA58D1B /* Barlow-LightItalic.otf */ = {isa = PBXFileReference; explicitFileType = undefined; fileEncoding = 9; includeInIndex = 0; lastKnownFileType = unknown; name = "Barlow-LightItalic.otf"; path = "../src/assets/fonts/barlow/Barlow-LightItalic.otf"; sourceTree = "<group>"; };
		AC3E7BCB550444E38028AE98 /* BarlowSemiCondensed-LightItalic.otf */ = {isa = PBXFileReference; explicitFileType = undefined; fileEncoding = 9; includeInIndex = 0; lastKnownFileType = unknown; name = "BarlowSemiCondensed-LightItalic.otf"; path = "../src/assets/fonts/barlow/BarlowSemiCondensed-LightItalic.otf"; sourceTree = "<group>"; };
		B7CA1EE748AD493087280DFD /* Barlow-SemiBoldItalic.otf */ = {isa = PBXFileReference; explicitFileType = undefined; fileEncoding = 9; includeInIndex = 0; lastKnownFileType = unknown; name = "Barlow-SemiBoldItalic.otf"; path = "../src/assets/fonts/barlow/Barlow-SemiBoldItalic.otf"; sourceTree = "<group>"; };
		BA43B1887A15412BA8280307 /* Barlow-Light.otf */ = {isa = PBXFileReference; explicitFileType = undefined; fileEncoding = 9; includeInIndex = 0; lastKnownFileType = unknown; name = "Barlow-Light.otf"; path = "../src/assets/fonts/barlow/Barlow-Light.otf"; sourceTree = "<group>"; };
		BBE0C331D6F6A580F17AAC3B /* libPods-qonteofaces.a */ = {isa = PBXFileReference; explicitFileType = archive.ar; includeInIndex = 0; path = "libPods-qonteofaces.a"; sourceTree = BUILT_PRODUCTS_DIR; };
		BC473767405A416EA4BE4ED9 /* Barlow-ThinItalic.otf */ = {isa = PBXFileReference; explicitFileType = undefined; fileEncoding = 9; includeInIndex = 0; lastKnownFileType = unknown; name = "Barlow-ThinItalic.otf"; path = "../src/assets/fonts/barlow/Barlow-ThinItalic.otf"; sourceTree = "<group>"; };
		BF952A0B8DB04D7AB96A8CEA /* BarlowSemiCondensed-Medium.otf */ = {isa = PBXFileReference; explicitFileType = undefined; fileEncoding = 9; includeInIndex = 0; lastKnownFileType = unknown; name = "BarlowSemiCondensed-Medium.otf"; path = "../src/assets/fonts/barlow/BarlowSemiCondensed-Medium.otf"; sourceTree = "<group>"; };
		C0C915A33FC75664BC4AB619 /* libPods-qonteofaces-tvOSTests.a */ = {isa = PBXFileReference; explicitFileType = archive.ar; includeInIndex = 0; path = "libPods-qonteofaces-tvOSTests.a"; sourceTree = BUILT_PRODUCTS_DIR; };
		C4906264C1C547C6BF751498 /* BarlowCondensed-ExtraBoldItalic.otf */ = {isa = PBXFileReference; explicitFileType = undefined; fileEncoding = 9; includeInIndex = 0; lastKnownFileType = unknown; name = "BarlowCondensed-ExtraBoldItalic.otf"; path = "../src/assets/fonts/barlow/BarlowCondensed-ExtraBoldItalic.otf"; sourceTree = "<group>"; };
		C7083DBE56844A68AFCD8191 /* BarlowCondensed-ExtraLightItalic.otf */ = {isa = PBXFileReference; explicitFileType = undefined; fileEncoding = 9; includeInIndex = 0; lastKnownFileType = unknown; name = "BarlowCondensed-ExtraLightItalic.otf"; path = "../src/assets/fonts/barlow/BarlowCondensed-ExtraLightItalic.otf"; sourceTree = "<group>"; };
		CA16E6C793504337B00AC8FA /* BarlowCondensed-ThinItalic.otf */ = {isa = PBXFileReference; explicitFileType = undefined; fileEncoding = 9; includeInIndex = 0; lastKnownFileType = unknown; name = "BarlowCondensed-ThinItalic.otf"; path = "../src/assets/fonts/barlow/BarlowCondensed-ThinItalic.otf"; sourceTree = "<group>"; };
		D79FA81BE14445B597AB514A /* BarlowCondensed-MediumItalic.otf */ = {isa = PBXFileReference; explicitFileType = undefined; fileEncoding = 9; includeInIndex = 0; lastKnownFileType = unknown; name = "BarlowCondensed-MediumItalic.otf"; path = "../src/assets/fonts/barlow/BarlowCondensed-MediumItalic.otf"; sourceTree = "<group>"; };
		DA19262E3DD747B5845749D6 /* Barlow-ExtraLightItalic.otf */ = {isa = PBXFileReference; explicitFileType = undefined; fileEncoding = 9; includeInIndex = 0; lastKnownFileType = unknown; name = "Barlow-ExtraLightItalic.otf"; path = "../src/assets/fonts/barlow/Barlow-ExtraLightItalic.otf"; sourceTree = "<group>"; };
		E4FA9E46603D477DA573CD24 /* BarlowSemiCondensed-SemiBold.otf */ = {isa = PBXFileReference; explicitFileType = undefined; fileEncoding = 9; includeInIndex = 0; lastKnownFileType = unknown; name = "BarlowSemiCondensed-SemiBold.otf"; path = "../src/assets/fonts/barlow/BarlowSemiCondensed-SemiBold.otf"; sourceTree = "<group>"; };
		E9C9CD8461F54ADD804A14F8 /* Barlow-Extra Bold Italic.ttf */ = {isa = PBXFileReference; explicitFileType = undefined; fileEncoding = 9; includeInIndex = 0; lastKnownFileType = unknown; name = "Barlow-Extra Bold Italic.ttf"; path = "../src/assets/fonts/barlow/Barlow-Extra Bold Italic.ttf"; sourceTree = "<group>"; };
		EAA27187689B457BB56964C0 /* BarlowCondensed-Thin.otf */ = {isa = PBXFileReference; explicitFileType = undefined; fileEncoding = 9; includeInIndex = 0; lastKnownFileType = unknown; name = "BarlowCondensed-Thin.otf"; path = "../src/assets/fonts/barlow/BarlowCondensed-Thin.otf"; sourceTree = "<group>"; };
		EB6BCCB53FAB4589AEF4E7A2 /* BarlowCondensed-Bold.otf */ = {isa = PBXFileReference; explicitFileType = undefined; fileEncoding = 9; includeInIndex = 0; lastKnownFileType = unknown; name = "BarlowCondensed-Bold.otf"; path = "../src/assets/fonts/barlow/BarlowCondensed-Bold.otf"; sourceTree = "<group>"; };
		ED297162215061F000B7C4FE /* JavaScriptCore.framework */ = {isa = PBXFileReference; lastKnownFileType = wrapper.framework; name = JavaScriptCore.framework; path = System/Library/Frameworks/JavaScriptCore.framework; sourceTree = SDKROOT; };
		ED2971642150620600B7C4FE /* JavaScriptCore.framework */ = {isa = PBXFileReference; lastKnownFileType = wrapper.framework; name = JavaScriptCore.framework; path = Platforms/AppleTVOS.platform/Developer/SDKs/AppleTVOS12.0.sdk/System/Library/Frameworks/JavaScriptCore.framework; sourceTree = DEVELOPER_DIR; };
		F2343619F61043B0B6144D60 /* BarlowCondensed-Regular.otf */ = {isa = PBXFileReference; explicitFileType = undefined; fileEncoding = 9; includeInIndex = 0; lastKnownFileType = unknown; name = "BarlowCondensed-Regular.otf"; path = "../src/assets/fonts/barlow/BarlowCondensed-Regular.otf"; sourceTree = "<group>"; };
		F9BBECE51E994D3AB33CCA69 /* BarlowCondensed-SemiBoldItalic.otf */ = {isa = PBXFileReference; explicitFileType = undefined; fileEncoding = 9; includeInIndex = 0; lastKnownFileType = unknown; name = "BarlowCondensed-SemiBoldItalic.otf"; path = "../src/assets/fonts/barlow/BarlowCondensed-SemiBoldItalic.otf"; sourceTree = "<group>"; };
		FBD84DEB1CBA4E35BC80AC8C /* Barlow-BlackItalic.otf */ = {isa = PBXFileReference; explicitFileType = undefined; fileEncoding = 9; includeInIndex = 0; lastKnownFileType = unknown; name = "Barlow-BlackItalic.otf"; path = "../src/assets/fonts/barlow/Barlow-BlackItalic.otf"; sourceTree = "<group>"; };
		FC5814499F664B5AB8BA6862 /* barlowsemicondensed-thinitalic.otf */ = {isa = PBXFileReference; explicitFileType = undefined; fileEncoding = 9; includeInIndex = 0; lastKnownFileType = unknown; name = "barlowsemicondensed-thinitalic.otf"; path = "../src/assets/fonts/barlow/barlowsemicondensed-thinitalic.otf"; sourceTree = "<group>"; };
/* End PBXFileReference section */

/* Begin PBXFrameworksBuildPhase section */
		00E356EB1AD99517003FC87E /* Frameworks */ = {
			isa = PBXFrameworksBuildPhase;
			buildActionMask = 2147483647;
			files = (
				9F0FA74E79417CD58EB89137 /* libPods-qonteofaces-qonteofacesTests.a in Frameworks */,
			);
			runOnlyForDeploymentPostprocessing = 0;
		};
		13B07F8C1A680F5B00A75B9A /* Frameworks */ = {
			isa = PBXFrameworksBuildPhase;
			buildActionMask = 2147483647;
			files = (
				2805FF5CECF05E55EA3E9F6E /* libPods-qonteofaces.a in Frameworks */,
			);
			runOnlyForDeploymentPostprocessing = 0;
		};
		2D02E4781E0B4A5D006451C7 /* Frameworks */ = {
			isa = PBXFrameworksBuildPhase;
			buildActionMask = 2147483647;
			files = (
				4002387B8D78BADB38F2A846 /* libPods-qonteofaces-tvOS.a in Frameworks */,
			);
			runOnlyForDeploymentPostprocessing = 0;
		};
		2D02E48D1E0B4A5D006451C7 /* Frameworks */ = {
			isa = PBXFrameworksBuildPhase;
			buildActionMask = 2147483647;
			files = (
				6AE8E39152F215F8ECBCAF56 /* libPods-qonteofaces-tvOSTests.a in Frameworks */,
			);
			runOnlyForDeploymentPostprocessing = 0;
		};
/* End PBXFrameworksBuildPhase section */

/* Begin PBXGroup section */
		00E356EF1AD99517003FC87E /* qonteofacesTests */ = {
			isa = PBXGroup;
			children = (
				00E356F21AD99517003FC87E /* qonteofacesTests.m */,
				00E356F01AD99517003FC87E /* Supporting Files */,
			);
			path = qonteofacesTests;
			sourceTree = "<group>";
		};
		00E356F01AD99517003FC87E /* Supporting Files */ = {
			isa = PBXGroup;
			children = (
				00E356F11AD99517003FC87E /* Info.plist */,
			);
			name = "Supporting Files";
			sourceTree = "<group>";
		};
		0573DFF584A951444A29062C /* Pods */ = {
			isa = PBXGroup;
			children = (
				0155683721B533046A862F06 /* Pods-qonteofaces.debug.xcconfig */,
				74F2A5ECA95A412382B21D86 /* Pods-qonteofaces.release.xcconfig */,
				725E47C82636934B4A158B65 /* Pods-qonteofaces-qonteofacesTests.debug.xcconfig */,
				1EFCFEE3EEF2CF304314F65D /* Pods-qonteofaces-qonteofacesTests.release.xcconfig */,
				4567BC072BD4A65176D60525 /* Pods-qonteofaces-tvOS.debug.xcconfig */,
				06A5ED8AF58B9320C792861E /* Pods-qonteofaces-tvOS.release.xcconfig */,
				64901CA508D76E8D921AB8A4 /* Pods-qonteofaces-tvOSTests.debug.xcconfig */,
				8EFF6047827ACBBEAC1BC8E0 /* Pods-qonteofaces-tvOSTests.release.xcconfig */,
			);
			path = Pods;
			sourceTree = "<group>";
		};
		13B07FAE1A68108700A75B9A /* qonteofaces */ = {
			isa = PBXGroup;
			children = (
				008F07F21AC5B25A0029DE68 /* main.jsbundle */,
				13B07FAF1A68108700A75B9A /* AppDelegate.h */,
				13B07FB01A68108700A75B9A /* AppDelegate.m */,
				13B07FB51A68108700A75B9A /* Images.xcassets */,
				13B07FB61A68108700A75B9A /* Info.plist */,
				81AB9BB72411601600AC10FF /* LaunchScreen.storyboard */,
				13B07FB71A68108700A75B9A /* main.m */,
			);
			name = qonteofaces;
			sourceTree = "<group>";
		};
		2D16E6871FA4F8E400B85C8A /* Frameworks */ = {
			isa = PBXGroup;
			children = (
				ED297162215061F000B7C4FE /* JavaScriptCore.framework */,
				ED2971642150620600B7C4FE /* JavaScriptCore.framework */,
				BBE0C331D6F6A580F17AAC3B /* libPods-qonteofaces.a */,
				4AF4F8CE083F70E5A0B0CC3C /* libPods-qonteofaces-qonteofacesTests.a */,
				6A192CF09E08BA2C8A6C720B /* libPods-qonteofaces-tvOS.a */,
				C0C915A33FC75664BC4AB619 /* libPods-qonteofaces-tvOSTests.a */,
			);
			name = Frameworks;
			sourceTree = "<group>";
		};
		832341AE1AAA6A7D00B99B32 /* Libraries */ = {
			isa = PBXGroup;
			children = (
			);
			name = Libraries;
			sourceTree = "<group>";
		};
		83CBB9F61A601CBA00E9B192 = {
			isa = PBXGroup;
			children = (
				13B07FAE1A68108700A75B9A /* qonteofaces */,
				832341AE1AAA6A7D00B99B32 /* Libraries */,
				00E356EF1AD99517003FC87E /* qonteofacesTests */,
				83CBBA001A601CBA00E9B192 /* Products */,
				2D16E6871FA4F8E400B85C8A /* Frameworks */,
				0573DFF584A951444A29062C /* Pods */,
				A330DC63AC474F1B87F64850 /* Resources */,
			);
			indentWidth = 2;
			sourceTree = "<group>";
			tabWidth = 2;
			usesTabs = 0;
		};
		83CBBA001A601CBA00E9B192 /* Products */ = {
			isa = PBXGroup;
			children = (
				13B07F961A680F5B00A75B9A /* qonteofaces.app */,
				00E356EE1AD99517003FC87E /* qonteofacesTests.xctest */,
				2D02E47B1E0B4A5D006451C7 /* qonteofaces-tvOS.app */,
				2D02E4901E0B4A5D006451C7 /* qonteofaces-tvOSTests.xctest */,
			);
			name = Products;
			sourceTree = "<group>";
		};
		A330DC63AC474F1B87F64850 /* Resources */ = {
			isa = PBXGroup;
			children = (
				4AFDF4AD64884B89984A5CC4 /* Barlow-Black.otf */,
				FBD84DEB1CBA4E35BC80AC8C /* Barlow-BlackItalic.otf */,
				1578AE641B2E47CEA09F3159 /* Barlow-Bold.otf */,
				412233BA1C3146DFBABC7182 /* Barlow-BoldItalic.otf */,
				E9C9CD8461F54ADD804A14F8 /* Barlow-Extra Bold Italic.ttf */,
				589FEB7DC13B4CDABE089D7B /* Barlow-Extra Bold.ttf */,
				0816294278D2459B81E8EC72 /* Barlow-ExtraLight.otf */,
				DA19262E3DD747B5845749D6 /* Barlow-ExtraLightItalic.otf */,
				02E5700A8F0B47D38E1ED5A5 /* Barlow-Italic.otf */,
				BA43B1887A15412BA8280307 /* Barlow-Light.otf */,
				ABB084F69A2D4B829DA58D1B /* Barlow-LightItalic.otf */,
				56251C2927834B949FAAA9D6 /* Barlow-Medium.otf */,
				44F9C6466B144116808946A6 /* Barlow-MediumItalic.otf */,
				083F84D0C14D461DB4F31B39 /* Barlow-Regular.otf */,
				6536443820C7444F8E9060E6 /* Barlow-SemiBold.otf */,
				B7CA1EE748AD493087280DFD /* Barlow-SemiBoldItalic.otf */,
				98A7617E8D7A4A05A7F9C564 /* Barlow-Thin.otf */,
				BC473767405A416EA4BE4ED9 /* Barlow-ThinItalic.otf */,
				98CCDA25A8F847C9B961619F /* BarlowCondensed-Black.otf */,
				716BFF1EBACE4D3FA7D0FB76 /* barlowcondensed-blackitalic.otf */,
				EB6BCCB53FAB4589AEF4E7A2 /* BarlowCondensed-Bold.otf */,
				48C9118152224808B57B9DBD /* BarlowCondensed-BoldItalic.otf */,
				092FFD9AA961466F90015CE5 /* BarlowCondensed-ExtraBold.otf */,
				C4906264C1C547C6BF751498 /* BarlowCondensed-ExtraBoldItalic.otf */,
				75966CC998514F8385BDEC8C /* BarlowCondensed-ExtraLight.otf */,
				C7083DBE56844A68AFCD8191 /* BarlowCondensed-ExtraLightItalic.otf */,
				98117641DAD943EFAB715EDA /* BarlowCondensed-Italic.otf */,
				189047F4C89440F397BB999C /* BarlowCondensed-Light.otf */,
				A83A192DAEA84D6381A7B41A /* BarlowCondensed-LightItalic.otf */,
				347E0C66409248E89C2969CC /* BarlowCondensed-Medium.otf */,
				D79FA81BE14445B597AB514A /* BarlowCondensed-MediumItalic.otf */,
				F2343619F61043B0B6144D60 /* BarlowCondensed-Regular.otf */,
				077D0DC63F8145ACB029DDE7 /* BarlowCondensed-SemiBold.otf */,
				F9BBECE51E994D3AB33CCA69 /* BarlowCondensed-SemiBoldItalic.otf */,
				EAA27187689B457BB56964C0 /* BarlowCondensed-Thin.otf */,
				CA16E6C793504337B00AC8FA /* BarlowCondensed-ThinItalic.otf */,
				1D9A02CD68A446EF93C34E03 /* BarlowSemiCondensed-Black.otf */,
				94890F6813FF4AA588787F51 /* BarlowSemiCondensed-BlackItalic.otf */,
				58BFECE5F2674FB18B7F42FD /* BarlowSemiCondensed-Bold.otf */,
				97BEA166BB7D40B3B67C515C /* BarlowSemiCondensed-BoldItalic.otf */,
				14F34E4B12504BD4943730C4 /* barlowsemicondensed-extrabold.otf */,
				9D9BC77A840C4294BB33C0D2 /* BarlowSemiCondensed-ExtraBoldItalic.otf */,
				6A5F285E85644EC6BD5586B1 /* BarlowSemiCondensed-ExtraLight.otf */,
				A8CB36F86F42476D9B40B3DA /* barlowsemicondensed-extralightitalic.otf */,
				363FD07765964D54AF3B546B /* barlowsemicondensed-italic.otf */,
				495BAB4C252343459CBD8671 /* barlowsemicondensed-light.otf */,
				AC3E7BCB550444E38028AE98 /* BarlowSemiCondensed-LightItalic.otf */,
				BF952A0B8DB04D7AB96A8CEA /* BarlowSemiCondensed-Medium.otf */,
				2130C46960A948CC932B8834 /* barlowsemicondensed-mediumitalic.otf */,
				43BEEF99A80D4CE1A4115CC9 /* BarlowSemiCondensed-Regular.otf */,
				E4FA9E46603D477DA573CD24 /* BarlowSemiCondensed-SemiBold.otf */,
				075B2B184A6147D49FC1749F /* BarlowSemiCondensed-SemiBoldItalic.otf */,
				6987B7C4BBAF44B8ABA39615 /* barlowsemicondensed-thin.otf */,
				FC5814499F664B5AB8BA6862 /* barlowsemicondensed-thinitalic.otf */,
				05246BDEC0274353BF93B4A2 /* Rotters.ttf */,
			);
			name = Resources;
			sourceTree = "<group>";
		};
/* End PBXGroup section */

/* Begin PBXNativeTarget section */
		00E356ED1AD99517003FC87E /* qonteofacesTests */ = {
			isa = PBXNativeTarget;
			buildConfigurationList = 00E357021AD99517003FC87E /* Build configuration list for PBXNativeTarget "qonteofacesTests" */;
			buildPhases = (
				AC7CD3DFC8A2A96A79CEC160 /* [CP] Check Pods Manifest.lock */,
				00E356EA1AD99517003FC87E /* Sources */,
				00E356EB1AD99517003FC87E /* Frameworks */,
				00E356EC1AD99517003FC87E /* Resources */,
				4D578287F83D0331B19F2F0E /* [CP] Copy Pods Resources */,
			);
			buildRules = (
			);
			dependencies = (
				00E356F51AD99517003FC87E /* PBXTargetDependency */,
			);
			name = qonteofacesTests;
			productName = qonteofacesTests;
			productReference = 00E356EE1AD99517003FC87E /* qonteofacesTests.xctest */;
			productType = "com.apple.product-type.bundle.unit-test";
		};
		13B07F861A680F5B00A75B9A /* qonteofaces */ = {
			isa = PBXNativeTarget;
			buildConfigurationList = 13B07F931A680F5B00A75B9A /* Build configuration list for PBXNativeTarget "qonteofaces" */;
			buildPhases = (
				93EC605110F2A6EF81777003 /* [CP] Check Pods Manifest.lock */,
				FD10A7F022414F080027D42C /* Start Packager */,
				13B07F871A680F5B00A75B9A /* Sources */,
				13B07F8C1A680F5B00A75B9A /* Frameworks */,
				13B07F8E1A680F5B00A75B9A /* Resources */,
				00DD1BFF1BD5951E006B06BC /* Bundle React Native code and images */,
				FC08D8A1A987C539A09BFB16 /* [CP] Copy Pods Resources */,
			);
			buildRules = (
			);
			dependencies = (
			);
			name = qonteofaces;
			productName = qonteofaces;
			productReference = 13B07F961A680F5B00A75B9A /* qonteofaces.app */;
			productType = "com.apple.product-type.application";
		};
		2D02E47A1E0B4A5D006451C7 /* qonteofaces-tvOS */ = {
			isa = PBXNativeTarget;
			buildConfigurationList = 2D02E4BA1E0B4A5E006451C7 /* Build configuration list for PBXNativeTarget "qonteofaces-tvOS" */;
			buildPhases = (
				6960D84D7C9CDB13144F0533 /* [CP] Check Pods Manifest.lock */,
				FD10A7F122414F3F0027D42C /* Start Packager */,
				2D02E4771E0B4A5D006451C7 /* Sources */,
				2D02E4781E0B4A5D006451C7 /* Frameworks */,
				2D02E4791E0B4A5D006451C7 /* Resources */,
				2D02E4CB1E0B4B27006451C7 /* Bundle React Native Code And Images */,
			);
			buildRules = (
			);
			dependencies = (
			);
			name = "qonteofaces-tvOS";
			productName = "qonteofaces-tvOS";
			productReference = 2D02E47B1E0B4A5D006451C7 /* qonteofaces-tvOS.app */;
			productType = "com.apple.product-type.application";
		};
		2D02E48F1E0B4A5D006451C7 /* qonteofaces-tvOSTests */ = {
			isa = PBXNativeTarget;
			buildConfigurationList = 2D02E4BB1E0B4A5E006451C7 /* Build configuration list for PBXNativeTarget "qonteofaces-tvOSTests" */;
			buildPhases = (
				78F7A20EC7AA994653655909 /* [CP] Check Pods Manifest.lock */,
				2D02E48C1E0B4A5D006451C7 /* Sources */,
				2D02E48D1E0B4A5D006451C7 /* Frameworks */,
				2D02E48E1E0B4A5D006451C7 /* Resources */,
			);
			buildRules = (
			);
			dependencies = (
				2D02E4921E0B4A5D006451C7 /* PBXTargetDependency */,
			);
			name = "qonteofaces-tvOSTests";
			productName = "qonteofaces-tvOSTests";
			productReference = 2D02E4901E0B4A5D006451C7 /* qonteofaces-tvOSTests.xctest */;
			productType = "com.apple.product-type.bundle.unit-test";
		};
/* End PBXNativeTarget section */

/* Begin PBXProject section */
		83CBB9F71A601CBA00E9B192 /* Project object */ = {
			isa = PBXProject;
			attributes = {
				LastUpgradeCheck = 1130;
				TargetAttributes = {
					00E356ED1AD99517003FC87E = {
						CreatedOnToolsVersion = 6.2;
						TestTargetID = 13B07F861A680F5B00A75B9A;
					};
					13B07F861A680F5B00A75B9A = {
						DevelopmentTeam = P43F278S9C;
						LastSwiftMigration = 1120;
					};
					2D02E47A1E0B4A5D006451C7 = {
						CreatedOnToolsVersion = 8.2.1;
						ProvisioningStyle = Automatic;
					};
					2D02E48F1E0B4A5D006451C7 = {
						CreatedOnToolsVersion = 8.2.1;
						ProvisioningStyle = Automatic;
						TestTargetID = 2D02E47A1E0B4A5D006451C7;
					};
				};
			};
			buildConfigurationList = 83CBB9FA1A601CBA00E9B192 /* Build configuration list for PBXProject "qonteofaces" */;
			compatibilityVersion = "Xcode 3.2";
			developmentRegion = en;
			hasScannedForEncodings = 0;
			knownRegions = (
				en,
				Base,
			);
			mainGroup = 83CBB9F61A601CBA00E9B192;
			productRefGroup = 83CBBA001A601CBA00E9B192 /* Products */;
			projectDirPath = "";
			projectRoot = "";
			targets = (
				13B07F861A680F5B00A75B9A /* qonteofaces */,
				00E356ED1AD99517003FC87E /* qonteofacesTests */,
				2D02E47A1E0B4A5D006451C7 /* qonteofaces-tvOS */,
				2D02E48F1E0B4A5D006451C7 /* qonteofaces-tvOSTests */,
			);
		};
/* End PBXProject section */

/* Begin PBXResourcesBuildPhase section */
		00E356EC1AD99517003FC87E /* Resources */ = {
			isa = PBXResourcesBuildPhase;
			buildActionMask = 2147483647;
			files = (
			);
			runOnlyForDeploymentPostprocessing = 0;
		};
		13B07F8E1A680F5B00A75B9A /* Resources */ = {
			isa = PBXResourcesBuildPhase;
			buildActionMask = 2147483647;
			files = (
				81AB9BB82411601600AC10FF /* LaunchScreen.storyboard in Resources */,
				13B07FBF1A68108700A75B9A /* Images.xcassets in Resources */,
				6AFCB1AD115849449BEAC0A3 /* Barlow-Black.otf in Resources */,
				AB611A085B7E490E83B5456C /* Barlow-BlackItalic.otf in Resources */,
				0051A47E46604E7899DBD95D /* Barlow-Bold.otf in Resources */,
				FCE4986E1DE140E4BBBD621A /* Barlow-BoldItalic.otf in Resources */,
				5CBF8E1CF4C74A189BBC298C /* Barlow-Extra Bold Italic.ttf in Resources */,
				C1F9FCE05DF0408384A8AE60 /* Barlow-Extra Bold.ttf in Resources */,
				8805C0B9A2AA45C0823A858C /* Barlow-ExtraLight.otf in Resources */,
				5D57F2AFA35844EDBFAE51F9 /* Barlow-ExtraLightItalic.otf in Resources */,
				70CC3AF09B664BFAA3D61C9D /* Barlow-Italic.otf in Resources */,
				458B296377D94B01B44D72E9 /* Barlow-Light.otf in Resources */,
				D0FC0DDE52FC432FA5091945 /* Barlow-LightItalic.otf in Resources */,
				3A19E7EA9EEA41ECA66DB394 /* Barlow-Medium.otf in Resources */,
				0A8ADC8D504E483D8E9A267E /* Barlow-MediumItalic.otf in Resources */,
				4597930D5F054057ACDC4A85 /* Barlow-Regular.otf in Resources */,
				74A3CDF72F3A4E509C3A6D99 /* Barlow-SemiBold.otf in Resources */,
				F0FB31E242F4418DB520D865 /* Barlow-SemiBoldItalic.otf in Resources */,
				811890A0F58B41AB91ED3271 /* Barlow-Thin.otf in Resources */,
				16E6D87A1F754731A2D6887B /* Barlow-ThinItalic.otf in Resources */,
				0E0BD3FE251E4EA6944235F5 /* BarlowCondensed-Black.otf in Resources */,
				5A494D4A9FE848B9A92163FC /* barlowcondensed-blackitalic.otf in Resources */,
				1C39129D77624826B72622E4 /* BarlowCondensed-Bold.otf in Resources */,
				C780608D54E641EAA1B4C593 /* BarlowCondensed-BoldItalic.otf in Resources */,
				250B165822CD40749127C51A /* BarlowCondensed-ExtraBold.otf in Resources */,
				E9D1F464D6D747CAB0CD0EF5 /* BarlowCondensed-ExtraBoldItalic.otf in Resources */,
				0DA163D8ADE7479E87C6E499 /* BarlowCondensed-ExtraLight.otf in Resources */,
				287D96D19959497885AB0969 /* BarlowCondensed-ExtraLightItalic.otf in Resources */,
				41FB5BD6DD4A47E0B0491180 /* BarlowCondensed-Italic.otf in Resources */,
				0DB9AB9CE1AE443FBE8CE03F /* BarlowCondensed-Light.otf in Resources */,
				80DF319753B4460DAFC2A880 /* BarlowCondensed-LightItalic.otf in Resources */,
				2992D557B07A40D0BE61F1CC /* BarlowCondensed-Medium.otf in Resources */,
				4CFE0AF9EA8E45E88DCAB1D1 /* BarlowCondensed-MediumItalic.otf in Resources */,
				B9FE16ECCC844BF8B6A29905 /* BarlowCondensed-Regular.otf in Resources */,
				5521771DBE7E448ABDF77A9B /* BarlowCondensed-SemiBold.otf in Resources */,
				8EFE7E05EFB047FABE83CE23 /* BarlowCondensed-SemiBoldItalic.otf in Resources */,
				C1854BF52C554C78AB8F5B6A /* BarlowCondensed-Thin.otf in Resources */,
				13B8C8AA5C61419298F9A088 /* BarlowCondensed-ThinItalic.otf in Resources */,
				5507803E25EB48F7832C2C13 /* BarlowSemiCondensed-Black.otf in Resources */,
				50E4C650FF44411E8AFE09FA /* BarlowSemiCondensed-BlackItalic.otf in Resources */,
				E7E7E5935FCD4ED4AE825B3B /* BarlowSemiCondensed-Bold.otf in Resources */,
				8FDF4C9BD2494F988F867BBC /* BarlowSemiCondensed-BoldItalic.otf in Resources */,
				F7BB012BE6984A0198621E63 /* barlowsemicondensed-extrabold.otf in Resources */,
				05188524FCAD4140A77C17E6 /* BarlowSemiCondensed-ExtraBoldItalic.otf in Resources */,
				97D236DFD9294BB6A8EB27A9 /* BarlowSemiCondensed-ExtraLight.otf in Resources */,
				D5967F8A288148EAB4EDFD71 /* barlowsemicondensed-extralightitalic.otf in Resources */,
				05359242678D482497E762CF /* barlowsemicondensed-italic.otf in Resources */,
				6A828DC1275B4D088BCB765D /* barlowsemicondensed-light.otf in Resources */,
				863470A5885E4B0F99A0EB24 /* BarlowSemiCondensed-LightItalic.otf in Resources */,
				9EBB797B73EA458994C14FCF /* BarlowSemiCondensed-Medium.otf in Resources */,
				7B0D45E37EF848C0865793D4 /* barlowsemicondensed-mediumitalic.otf in Resources */,
				0634F6B7F76E45A2BD216858 /* BarlowSemiCondensed-Regular.otf in Resources */,
				64CA089A8B5F45528B1F0873 /* BarlowSemiCondensed-SemiBold.otf in Resources */,
				B1275C982EF8430D85392166 /* BarlowSemiCondensed-SemiBoldItalic.otf in Resources */,
				072B90F9C36D4BA5BB72D0F2 /* barlowsemicondensed-thin.otf in Resources */,
				9414EC0679754634834CA7BE /* barlowsemicondensed-thinitalic.otf in Resources */,
				657DBC4719BB4C2BBDFD38C4 /* Rotters.ttf in Resources */,
			);
			runOnlyForDeploymentPostprocessing = 0;
		};
		2D02E4791E0B4A5D006451C7 /* Resources */ = {
			isa = PBXResourcesBuildPhase;
			buildActionMask = 2147483647;
			files = (
				2D02E4BD1E0B4A84006451C7 /* Images.xcassets in Resources */,
			);
			runOnlyForDeploymentPostprocessing = 0;
		};
		2D02E48E1E0B4A5D006451C7 /* Resources */ = {
			isa = PBXResourcesBuildPhase;
			buildActionMask = 2147483647;
			files = (
			);
			runOnlyForDeploymentPostprocessing = 0;
		};
/* End PBXResourcesBuildPhase section */

/* Begin PBXShellScriptBuildPhase section */
		00DD1BFF1BD5951E006B06BC /* Bundle React Native code and images */ = {
			isa = PBXShellScriptBuildPhase;
			buildActionMask = 2147483647;
			files = (
			);
			inputPaths = (
			);
			name = "Bundle React Native code and images";
			outputPaths = (
			);
			runOnlyForDeploymentPostprocessing = 0;
			shellPath = /bin/sh;
			shellScript = "export NODE_BINARY=node\n../node_modules/react-native/scripts/react-native-xcode.sh\n";
		};
		2D02E4CB1E0B4B27006451C7 /* Bundle React Native Code And Images */ = {
			isa = PBXShellScriptBuildPhase;
			buildActionMask = 2147483647;
			files = (
			);
			inputPaths = (
			);
			name = "Bundle React Native Code And Images";
			outputPaths = (
			);
			runOnlyForDeploymentPostprocessing = 0;
			shellPath = /bin/sh;
			shellScript = "export NODE_BINARY=node\n../node_modules/react-native/scripts/react-native-xcode.sh";
		};
		4D578287F83D0331B19F2F0E /* [CP] Copy Pods Resources */ = {
			isa = PBXShellScriptBuildPhase;
			buildActionMask = 2147483647;
			files = (
			);
			inputPaths = (
				"${PODS_ROOT}/Target Support Files/Pods-qonteofaces-qonteofacesTests/Pods-qonteofaces-qonteofacesTests-resources.sh",
				"${PODS_CONFIGURATION_BUILD_DIR}/React-Core/AccessibilityResources.bundle",
			);
			name = "[CP] Copy Pods Resources";
			outputPaths = (
				"${TARGET_BUILD_DIR}/${UNLOCALIZED_RESOURCES_FOLDER_PATH}/AccessibilityResources.bundle",
			);
			runOnlyForDeploymentPostprocessing = 0;
			shellPath = /bin/sh;
			shellScript = "\"${PODS_ROOT}/Target Support Files/Pods-qonteofaces-qonteofacesTests/Pods-qonteofaces-qonteofacesTests-resources.sh\"\n";
			showEnvVarsInLog = 0;
		};
		6960D84D7C9CDB13144F0533 /* [CP] Check Pods Manifest.lock */ = {
			isa = PBXShellScriptBuildPhase;
			buildActionMask = 2147483647;
			files = (
			);
			inputFileListPaths = (
			);
			inputPaths = (
				"${PODS_PODFILE_DIR_PATH}/Podfile.lock",
				"${PODS_ROOT}/Manifest.lock",
			);
			name = "[CP] Check Pods Manifest.lock";
			outputFileListPaths = (
			);
			outputPaths = (
				"$(DERIVED_FILE_DIR)/Pods-qonteofaces-tvOS-checkManifestLockResult.txt",
			);
			runOnlyForDeploymentPostprocessing = 0;
			shellPath = /bin/sh;
			shellScript = "diff \"${PODS_PODFILE_DIR_PATH}/Podfile.lock\" \"${PODS_ROOT}/Manifest.lock\" > /dev/null\nif [ $? != 0 ] ; then\n    # print error to STDERR\n    echo \"error: The sandbox is not in sync with the Podfile.lock. Run 'pod install' or update your CocoaPods installation.\" >&2\n    exit 1\nfi\n# This output is used by Xcode 'outputs' to avoid re-running this script phase.\necho \"SUCCESS\" > \"${SCRIPT_OUTPUT_FILE_0}\"\n";
			showEnvVarsInLog = 0;
		};
		78F7A20EC7AA994653655909 /* [CP] Check Pods Manifest.lock */ = {
			isa = PBXShellScriptBuildPhase;
			buildActionMask = 2147483647;
			files = (
			);
			inputFileListPaths = (
			);
			inputPaths = (
				"${PODS_PODFILE_DIR_PATH}/Podfile.lock",
				"${PODS_ROOT}/Manifest.lock",
			);
			name = "[CP] Check Pods Manifest.lock";
			outputFileListPaths = (
			);
			outputPaths = (
				"$(DERIVED_FILE_DIR)/Pods-qonteofaces-tvOSTests-checkManifestLockResult.txt",
			);
			runOnlyForDeploymentPostprocessing = 0;
			shellPath = /bin/sh;
			shellScript = "diff \"${PODS_PODFILE_DIR_PATH}/Podfile.lock\" \"${PODS_ROOT}/Manifest.lock\" > /dev/null\nif [ $? != 0 ] ; then\n    # print error to STDERR\n    echo \"error: The sandbox is not in sync with the Podfile.lock. Run 'pod install' or update your CocoaPods installation.\" >&2\n    exit 1\nfi\n# This output is used by Xcode 'outputs' to avoid re-running this script phase.\necho \"SUCCESS\" > \"${SCRIPT_OUTPUT_FILE_0}\"\n";
			showEnvVarsInLog = 0;
		};
		93EC605110F2A6EF81777003 /* [CP] Check Pods Manifest.lock */ = {
			isa = PBXShellScriptBuildPhase;
			buildActionMask = 2147483647;
			files = (
			);
			inputFileListPaths = (
			);
			inputPaths = (
				"${PODS_PODFILE_DIR_PATH}/Podfile.lock",
				"${PODS_ROOT}/Manifest.lock",
			);
			name = "[CP] Check Pods Manifest.lock";
			outputFileListPaths = (
			);
			outputPaths = (
				"$(DERIVED_FILE_DIR)/Pods-qonteofaces-checkManifestLockResult.txt",
			);
			runOnlyForDeploymentPostprocessing = 0;
			shellPath = /bin/sh;
			shellScript = "diff \"${PODS_PODFILE_DIR_PATH}/Podfile.lock\" \"${PODS_ROOT}/Manifest.lock\" > /dev/null\nif [ $? != 0 ] ; then\n    # print error to STDERR\n    echo \"error: The sandbox is not in sync with the Podfile.lock. Run 'pod install' or update your CocoaPods installation.\" >&2\n    exit 1\nfi\n# This output is used by Xcode 'outputs' to avoid re-running this script phase.\necho \"SUCCESS\" > \"${SCRIPT_OUTPUT_FILE_0}\"\n";
			showEnvVarsInLog = 0;
		};
		AC7CD3DFC8A2A96A79CEC160 /* [CP] Check Pods Manifest.lock */ = {
			isa = PBXShellScriptBuildPhase;
			buildActionMask = 2147483647;
			files = (
			);
			inputFileListPaths = (
			);
			inputPaths = (
				"${PODS_PODFILE_DIR_PATH}/Podfile.lock",
				"${PODS_ROOT}/Manifest.lock",
			);
			name = "[CP] Check Pods Manifest.lock";
			outputFileListPaths = (
			);
			outputPaths = (
				"$(DERIVED_FILE_DIR)/Pods-qonteofaces-qonteofacesTests-checkManifestLockResult.txt",
			);
			runOnlyForDeploymentPostprocessing = 0;
			shellPath = /bin/sh;
			shellScript = "diff \"${PODS_PODFILE_DIR_PATH}/Podfile.lock\" \"${PODS_ROOT}/Manifest.lock\" > /dev/null\nif [ $? != 0 ] ; then\n    # print error to STDERR\n    echo \"error: The sandbox is not in sync with the Podfile.lock. Run 'pod install' or update your CocoaPods installation.\" >&2\n    exit 1\nfi\n# This output is used by Xcode 'outputs' to avoid re-running this script phase.\necho \"SUCCESS\" > \"${SCRIPT_OUTPUT_FILE_0}\"\n";
			showEnvVarsInLog = 0;
		};
		FC08D8A1A987C539A09BFB16 /* [CP] Copy Pods Resources */ = {
			isa = PBXShellScriptBuildPhase;
			buildActionMask = 2147483647;
			files = (
			);
			inputPaths = (
				"${PODS_ROOT}/Target Support Files/Pods-qonteofaces/Pods-qonteofaces-resources.sh",
				"${PODS_CONFIGURATION_BUILD_DIR}/React-Core/AccessibilityResources.bundle",
			);
			name = "[CP] Copy Pods Resources";
			outputPaths = (
				"${TARGET_BUILD_DIR}/${UNLOCALIZED_RESOURCES_FOLDER_PATH}/AccessibilityResources.bundle",
			);
			runOnlyForDeploymentPostprocessing = 0;
			shellPath = /bin/sh;
			shellScript = "\"${PODS_ROOT}/Target Support Files/Pods-qonteofaces/Pods-qonteofaces-resources.sh\"\n";
			showEnvVarsInLog = 0;
		};
		FD10A7F022414F080027D42C /* Start Packager */ = {
			isa = PBXShellScriptBuildPhase;
			buildActionMask = 2147483647;
			files = (
			);
			inputFileListPaths = (
			);
			inputPaths = (
			);
			name = "Start Packager";
			outputFileListPaths = (
			);
			outputPaths = (
			);
			runOnlyForDeploymentPostprocessing = 0;
			shellPath = /bin/sh;
			shellScript = "export RCT_METRO_PORT=\"${RCT_METRO_PORT:=8081}\"\necho \"export RCT_METRO_PORT=${RCT_METRO_PORT}\" > \"${SRCROOT}/../node_modules/react-native/scripts/.packager.env\"\nif [ -z \"${RCT_NO_LAUNCH_PACKAGER+xxx}\" ] ; then\n  if nc -w 5 -z localhost ${RCT_METRO_PORT} ; then\n    if ! curl -s \"http://localhost:${RCT_METRO_PORT}/status\" | grep -q \"packager-status:running\" ; then\n      echo \"Port ${RCT_METRO_PORT} already in use, packager is either not running or not running correctly\"\n      exit 2\n    fi\n  else\n    open \"$SRCROOT/../node_modules/react-native/scripts/launchPackager.command\" || echo \"Can't start packager automatically\"\n  fi\nfi\n";
			showEnvVarsInLog = 0;
		};
		FD10A7F122414F3F0027D42C /* Start Packager */ = {
			isa = PBXShellScriptBuildPhase;
			buildActionMask = 2147483647;
			files = (
			);
			inputFileListPaths = (
			);
			inputPaths = (
			);
			name = "Start Packager";
			outputFileListPaths = (
			);
			outputPaths = (
			);
			runOnlyForDeploymentPostprocessing = 0;
			shellPath = /bin/sh;
			shellScript = "export RCT_METRO_PORT=\"${RCT_METRO_PORT:=8081}\"\necho \"export RCT_METRO_PORT=${RCT_METRO_PORT}\" > \"${SRCROOT}/../node_modules/react-native/scripts/.packager.env\"\nif [ -z \"${RCT_NO_LAUNCH_PACKAGER+xxx}\" ] ; then\n  if nc -w 5 -z localhost ${RCT_METRO_PORT} ; then\n    if ! curl -s \"http://localhost:${RCT_METRO_PORT}/status\" | grep -q \"packager-status:running\" ; then\n      echo \"Port ${RCT_METRO_PORT} already in use, packager is either not running or not running correctly\"\n      exit 2\n    fi\n  else\n    open \"$SRCROOT/../node_modules/react-native/scripts/launchPackager.command\" || echo \"Can't start packager automatically\"\n  fi\nfi\n";
			showEnvVarsInLog = 0;
		};
/* End PBXShellScriptBuildPhase section */

/* Begin PBXSourcesBuildPhase section */
		00E356EA1AD99517003FC87E /* Sources */ = {
			isa = PBXSourcesBuildPhase;
			buildActionMask = 2147483647;
			files = (
				00E356F31AD99517003FC87E /* qonteofacesTests.m in Sources */,
			);
			runOnlyForDeploymentPostprocessing = 0;
		};
		13B07F871A680F5B00A75B9A /* Sources */ = {
			isa = PBXSourcesBuildPhase;
			buildActionMask = 2147483647;
			files = (
				13B07FBC1A68108700A75B9A /* AppDelegate.m in Sources */,
				13B07FC11A68108700A75B9A /* main.m in Sources */,
			);
			runOnlyForDeploymentPostprocessing = 0;
		};
		2D02E4771E0B4A5D006451C7 /* Sources */ = {
			isa = PBXSourcesBuildPhase;
			buildActionMask = 2147483647;
			files = (
				2D02E4BF1E0B4AB3006451C7 /* main.m in Sources */,
				2D02E4BC1E0B4A80006451C7 /* AppDelegate.m in Sources */,
			);
			runOnlyForDeploymentPostprocessing = 0;
		};
		2D02E48C1E0B4A5D006451C7 /* Sources */ = {
			isa = PBXSourcesBuildPhase;
			buildActionMask = 2147483647;
			files = (
				2DCD954D1E0B4F2C00145EB5 /* qonteofacesTests.m in Sources */,
			);
			runOnlyForDeploymentPostprocessing = 0;
		};
/* End PBXSourcesBuildPhase section */

/* Begin PBXTargetDependency section */
		00E356F51AD99517003FC87E /* PBXTargetDependency */ = {
			isa = PBXTargetDependency;
			target = 13B07F861A680F5B00A75B9A /* qonteofaces */;
			targetProxy = 00E356F41AD99517003FC87E /* PBXContainerItemProxy */;
		};
		2D02E4921E0B4A5D006451C7 /* PBXTargetDependency */ = {
			isa = PBXTargetDependency;
			target = 2D02E47A1E0B4A5D006451C7 /* qonteofaces-tvOS */;
			targetProxy = 2D02E4911E0B4A5D006451C7 /* PBXContainerItemProxy */;
		};
/* End PBXTargetDependency section */

/* Begin XCBuildConfiguration section */
		00E356F61AD99517003FC87E /* Debug */ = {
			isa = XCBuildConfiguration;
			baseConfigurationReference = 725E47C82636934B4A158B65 /* Pods-qonteofaces-qonteofacesTests.debug.xcconfig */;
			buildSettings = {
				BUNDLE_LOADER = "$(TEST_HOST)";
				GCC_PREPROCESSOR_DEFINITIONS = (
					"DEBUG=1",
					"$(inherited)",
				);
				INFOPLIST_FILE = qonteofacesTests/Info.plist;
				IPHONEOS_DEPLOYMENT_TARGET = 10.0;
				LD_RUNPATH_SEARCH_PATHS = "$(inherited) @executable_path/Frameworks @loader_path/Frameworks";
				OTHER_LDFLAGS = (
					"-ObjC",
					"-lc++",
					"$(inherited)",
				);
				PRODUCT_BUNDLE_IDENTIFIER = "org.reactjs.native.example.$(PRODUCT_NAME:rfc1034identifier)";
				PRODUCT_NAME = "$(TARGET_NAME)";
				TEST_HOST = "$(BUILT_PRODUCTS_DIR)/qonteofaces.app/qonteofaces";
			};
			name = Debug;
		};
		00E356F71AD99517003FC87E /* Release */ = {
			isa = XCBuildConfiguration;
			baseConfigurationReference = 1EFCFEE3EEF2CF304314F65D /* Pods-qonteofaces-qonteofacesTests.release.xcconfig */;
			buildSettings = {
				BUNDLE_LOADER = "$(TEST_HOST)";
				COPY_PHASE_STRIP = NO;
				INFOPLIST_FILE = qonteofacesTests/Info.plist;
				IPHONEOS_DEPLOYMENT_TARGET = 10.0;
				LD_RUNPATH_SEARCH_PATHS = "$(inherited) @executable_path/Frameworks @loader_path/Frameworks";
				OTHER_LDFLAGS = (
					"-ObjC",
					"-lc++",
					"$(inherited)",
				);
				PRODUCT_BUNDLE_IDENTIFIER = "org.reactjs.native.example.$(PRODUCT_NAME:rfc1034identifier)";
				PRODUCT_NAME = "$(TARGET_NAME)";
				TEST_HOST = "$(BUILT_PRODUCTS_DIR)/qonteofaces.app/qonteofaces";
			};
			name = Release;
		};
		13B07F941A680F5B00A75B9A /* Debug */ = {
			isa = XCBuildConfiguration;
			baseConfigurationReference = 0155683721B533046A862F06 /* Pods-qonteofaces.debug.xcconfig */;
			buildSettings = {
				ASSETCATALOG_COMPILER_APPICON_NAME = AppIcon;
				CLANG_ENABLE_MODULES = YES;
				CURRENT_PROJECT_VERSION = 1;
				DEVELOPMENT_TEAM = P43F278S9C;
				ENABLE_BITCODE = NO;
				INFOPLIST_FILE = qonteofaces/Info.plist;
				LD_RUNPATH_SEARCH_PATHS = "$(inherited) @executable_path/Frameworks";
				OTHER_LDFLAGS = (
					"$(inherited)",
					"-ObjC",
					"-lc++",
				);
				PRODUCT_BUNDLE_IDENTIFIER = "org.reactjs.native.example.$(PRODUCT_NAME:rfc1034identifier)";
				PRODUCT_NAME = qonteofaces;
				SWIFT_OPTIMIZATION_LEVEL = "-Onone";
				SWIFT_VERSION = 5.0;
				VERSIONING_SYSTEM = "apple-generic";
			};
			name = Debug;
		};
		13B07F951A680F5B00A75B9A /* Release */ = {
			isa = XCBuildConfiguration;
			baseConfigurationReference = 74F2A5ECA95A412382B21D86 /* Pods-qonteofaces.release.xcconfig */;
			buildSettings = {
				ASSETCATALOG_COMPILER_APPICON_NAME = AppIcon;
				CLANG_ENABLE_MODULES = YES;
				CURRENT_PROJECT_VERSION = 1;
				DEVELOPMENT_TEAM = P43F278S9C;
				INFOPLIST_FILE = qonteofaces/Info.plist;
				LD_RUNPATH_SEARCH_PATHS = "$(inherited) @executable_path/Frameworks";
				OTHER_LDFLAGS = (
					"$(inherited)",
					"-ObjC",
					"-lc++",
				);
				PRODUCT_BUNDLE_IDENTIFIER = "org.reactjs.native.example.$(PRODUCT_NAME:rfc1034identifier)";
				PRODUCT_NAME = qonteofaces;
				SWIFT_VERSION = 5.0;
				VERSIONING_SYSTEM = "apple-generic";
			};
			name = Release;
		};
		2D02E4971E0B4A5E006451C7 /* Debug */ = {
			isa = XCBuildConfiguration;
			baseConfigurationReference = 4567BC072BD4A65176D60525 /* Pods-qonteofaces-tvOS.debug.xcconfig */;
			buildSettings = {
				ASSETCATALOG_COMPILER_APPICON_NAME = "App Icon & Top Shelf Image";
				ASSETCATALOG_COMPILER_LAUNCHIMAGE_NAME = LaunchImage;
				CLANG_ANALYZER_NONNULL = YES;
				CLANG_WARN_DOCUMENTATION_COMMENTS = YES;
				CLANG_WARN_INFINITE_RECURSION = YES;
				CLANG_WARN_SUSPICIOUS_MOVE = YES;
				DEBUG_INFORMATION_FORMAT = dwarf;
				ENABLE_TESTABILITY = YES;
				GCC_NO_COMMON_BLOCKS = YES;
				INFOPLIST_FILE = "qonteofaces-tvOS/Info.plist";
				LD_RUNPATH_SEARCH_PATHS = "$(inherited) @executable_path/Frameworks";
				OTHER_LDFLAGS = (
					"$(inherited)",
					"-ObjC",
					"-lc++",
				);
				PRODUCT_BUNDLE_IDENTIFIER = "org.reactjs.native.example.qonteofaces-tvOS";
				PRODUCT_NAME = "$(TARGET_NAME)";
				SDKROOT = appletvos;
				TARGETED_DEVICE_FAMILY = 3;
				TVOS_DEPLOYMENT_TARGET = 10.0;
			};
			name = Debug;
		};
		2D02E4981E0B4A5E006451C7 /* Release */ = {
			isa = XCBuildConfiguration;
			baseConfigurationReference = 06A5ED8AF58B9320C792861E /* Pods-qonteofaces-tvOS.release.xcconfig */;
			buildSettings = {
				ASSETCATALOG_COMPILER_APPICON_NAME = "App Icon & Top Shelf Image";
				ASSETCATALOG_COMPILER_LAUNCHIMAGE_NAME = LaunchImage;
				CLANG_ANALYZER_NONNULL = YES;
				CLANG_WARN_DOCUMENTATION_COMMENTS = YES;
				CLANG_WARN_INFINITE_RECURSION = YES;
				CLANG_WARN_SUSPICIOUS_MOVE = YES;
				COPY_PHASE_STRIP = NO;
				DEBUG_INFORMATION_FORMAT = "dwarf-with-dsym";
				GCC_NO_COMMON_BLOCKS = YES;
				INFOPLIST_FILE = "qonteofaces-tvOS/Info.plist";
				LD_RUNPATH_SEARCH_PATHS = "$(inherited) @executable_path/Frameworks";
				OTHER_LDFLAGS = (
					"$(inherited)",
					"-ObjC",
					"-lc++",
				);
				PRODUCT_BUNDLE_IDENTIFIER = "org.reactjs.native.example.qonteofaces-tvOS";
				PRODUCT_NAME = "$(TARGET_NAME)";
				SDKROOT = appletvos;
				TARGETED_DEVICE_FAMILY = 3;
				TVOS_DEPLOYMENT_TARGET = 10.0;
			};
			name = Release;
		};
		2D02E4991E0B4A5E006451C7 /* Debug */ = {
			isa = XCBuildConfiguration;
			baseConfigurationReference = 64901CA508D76E8D921AB8A4 /* Pods-qonteofaces-tvOSTests.debug.xcconfig */;
			buildSettings = {
				BUNDLE_LOADER = "$(TEST_HOST)";
				CLANG_ANALYZER_NONNULL = YES;
				CLANG_WARN_DOCUMENTATION_COMMENTS = YES;
				CLANG_WARN_INFINITE_RECURSION = YES;
				CLANG_WARN_SUSPICIOUS_MOVE = YES;
				DEBUG_INFORMATION_FORMAT = dwarf;
				ENABLE_TESTABILITY = YES;
				GCC_NO_COMMON_BLOCKS = YES;
				INFOPLIST_FILE = "qonteofaces-tvOSTests/Info.plist";
				LD_RUNPATH_SEARCH_PATHS = "$(inherited) @executable_path/Frameworks @loader_path/Frameworks";
				OTHER_LDFLAGS = (
					"$(inherited)",
					"-ObjC",
					"-lc++",
				);
				PRODUCT_BUNDLE_IDENTIFIER = "org.reactjs.native.example.qonteofaces-tvOSTests";
				PRODUCT_NAME = "$(TARGET_NAME)";
				SDKROOT = appletvos;
				TEST_HOST = "$(BUILT_PRODUCTS_DIR)/qonteofaces-tvOS.app/qonteofaces-tvOS";
				TVOS_DEPLOYMENT_TARGET = 10.1;
			};
			name = Debug;
		};
		2D02E49A1E0B4A5E006451C7 /* Release */ = {
			isa = XCBuildConfiguration;
			baseConfigurationReference = 8EFF6047827ACBBEAC1BC8E0 /* Pods-qonteofaces-tvOSTests.release.xcconfig */;
			buildSettings = {
				BUNDLE_LOADER = "$(TEST_HOST)";
				CLANG_ANALYZER_NONNULL = YES;
				CLANG_WARN_DOCUMENTATION_COMMENTS = YES;
				CLANG_WARN_INFINITE_RECURSION = YES;
				CLANG_WARN_SUSPICIOUS_MOVE = YES;
				COPY_PHASE_STRIP = NO;
				DEBUG_INFORMATION_FORMAT = "dwarf-with-dsym";
				GCC_NO_COMMON_BLOCKS = YES;
				INFOPLIST_FILE = "qonteofaces-tvOSTests/Info.plist";
				LD_RUNPATH_SEARCH_PATHS = "$(inherited) @executable_path/Frameworks @loader_path/Frameworks";
				OTHER_LDFLAGS = (
					"$(inherited)",
					"-ObjC",
					"-lc++",
				);
				PRODUCT_BUNDLE_IDENTIFIER = "org.reactjs.native.example.qonteofaces-tvOSTests";
				PRODUCT_NAME = "$(TARGET_NAME)";
				SDKROOT = appletvos;
				TEST_HOST = "$(BUILT_PRODUCTS_DIR)/qonteofaces-tvOS.app/qonteofaces-tvOS";
				TVOS_DEPLOYMENT_TARGET = 10.1;
			};
			name = Release;
		};
		83CBBA201A601CBA00E9B192 /* Debug */ = {
			isa = XCBuildConfiguration;
			buildSettings = {
				ALWAYS_SEARCH_USER_PATHS = NO;
				CLANG_ANALYZER_LOCALIZABILITY_NONLOCALIZED = YES;
				CLANG_CXX_LANGUAGE_STANDARD = "gnu++0x";
				CLANG_CXX_LIBRARY = "libc++";
				CLANG_ENABLE_MODULES = YES;
				CLANG_ENABLE_OBJC_ARC = YES;
				CLANG_WARN_BLOCK_CAPTURE_AUTORELEASING = YES;
				CLANG_WARN_BOOL_CONVERSION = YES;
				CLANG_WARN_COMMA = YES;
				CLANG_WARN_CONSTANT_CONVERSION = YES;
				CLANG_WARN_DEPRECATED_OBJC_IMPLEMENTATIONS = YES;
				CLANG_WARN_DIRECT_OBJC_ISA_USAGE = YES_ERROR;
				CLANG_WARN_EMPTY_BODY = YES;
				CLANG_WARN_ENUM_CONVERSION = YES;
				CLANG_WARN_INFINITE_RECURSION = YES;
				CLANG_WARN_INT_CONVERSION = YES;
				CLANG_WARN_NON_LITERAL_NULL_CONVERSION = YES;
				CLANG_WARN_OBJC_IMPLICIT_RETAIN_SELF = YES;
				CLANG_WARN_OBJC_LITERAL_CONVERSION = YES;
				CLANG_WARN_OBJC_ROOT_CLASS = YES_ERROR;
				CLANG_WARN_RANGE_LOOP_ANALYSIS = YES;
				CLANG_WARN_STRICT_PROTOTYPES = YES;
				CLANG_WARN_SUSPICIOUS_MOVE = YES;
				CLANG_WARN_UNREACHABLE_CODE = YES;
				CLANG_WARN__DUPLICATE_METHOD_MATCH = YES;
				"CODE_SIGN_IDENTITY[sdk=iphoneos*]" = "iPhone Developer";
				COPY_PHASE_STRIP = NO;
				ENABLE_STRICT_OBJC_MSGSEND = YES;
				ENABLE_TESTABILITY = YES;
				GCC_C_LANGUAGE_STANDARD = gnu99;
				GCC_DYNAMIC_NO_PIC = NO;
				GCC_NO_COMMON_BLOCKS = YES;
				GCC_OPTIMIZATION_LEVEL = 0;
				GCC_PREPROCESSOR_DEFINITIONS = (
					"DEBUG=1",
					"$(inherited)",
				);
				GCC_SYMBOLS_PRIVATE_EXTERN = NO;
				GCC_WARN_64_TO_32_BIT_CONVERSION = YES;
				GCC_WARN_ABOUT_RETURN_TYPE = YES_ERROR;
				GCC_WARN_UNDECLARED_SELECTOR = YES;
				GCC_WARN_UNINITIALIZED_AUTOS = YES_AGGRESSIVE;
				GCC_WARN_UNUSED_FUNCTION = YES;
				GCC_WARN_UNUSED_VARIABLE = YES;
				IPHONEOS_DEPLOYMENT_TARGET = 10.0;
				LD_RUNPATH_SEARCH_PATHS = "/usr/lib/swift $(inherited)";
				LIBRARY_SEARCH_PATHS = (
					"\"$(TOOLCHAIN_DIR)/usr/lib/swift/$(PLATFORM_NAME)\"",
					"\"$(TOOLCHAIN_DIR)/usr/lib/swift-5.0/$(PLATFORM_NAME)\"",
					"\"$(inherited)\"",
				);
				MTL_ENABLE_DEBUG_INFO = YES;
				ONLY_ACTIVE_ARCH = YES;
				SDKROOT = iphoneos;
			};
			name = Debug;
		};
		83CBBA211A601CBA00E9B192 /* Release */ = {
			isa = XCBuildConfiguration;
			buildSettings = {
				ALWAYS_SEARCH_USER_PATHS = NO;
				CLANG_ANALYZER_LOCALIZABILITY_NONLOCALIZED = YES;
				CLANG_CXX_LANGUAGE_STANDARD = "gnu++0x";
				CLANG_CXX_LIBRARY = "libc++";
				CLANG_ENABLE_MODULES = YES;
				CLANG_ENABLE_OBJC_ARC = YES;
				CLANG_WARN_BLOCK_CAPTURE_AUTORELEASING = YES;
				CLANG_WARN_BOOL_CONVERSION = YES;
				CLANG_WARN_COMMA = YES;
				CLANG_WARN_CONSTANT_CONVERSION = YES;
				CLANG_WARN_DEPRECATED_OBJC_IMPLEMENTATIONS = YES;
				CLANG_WARN_DIRECT_OBJC_ISA_USAGE = YES_ERROR;
				CLANG_WARN_EMPTY_BODY = YES;
				CLANG_WARN_ENUM_CONVERSION = YES;
				CLANG_WARN_INFINITE_RECURSION = YES;
				CLANG_WARN_INT_CONVERSION = YES;
				CLANG_WARN_NON_LITERAL_NULL_CONVERSION = YES;
				CLANG_WARN_OBJC_IMPLICIT_RETAIN_SELF = YES;
				CLANG_WARN_OBJC_LITERAL_CONVERSION = YES;
				CLANG_WARN_OBJC_ROOT_CLASS = YES_ERROR;
				CLANG_WARN_RANGE_LOOP_ANALYSIS = YES;
				CLANG_WARN_STRICT_PROTOTYPES = YES;
				CLANG_WARN_SUSPICIOUS_MOVE = YES;
				CLANG_WARN_UNREACHABLE_CODE = YES;
				CLANG_WARN__DUPLICATE_METHOD_MATCH = YES;
				"CODE_SIGN_IDENTITY[sdk=iphoneos*]" = "iPhone Developer";
				COPY_PHASE_STRIP = YES;
				ENABLE_NS_ASSERTIONS = NO;
				ENABLE_STRICT_OBJC_MSGSEND = YES;
				GCC_C_LANGUAGE_STANDARD = gnu99;
				GCC_NO_COMMON_BLOCKS = YES;
				GCC_WARN_64_TO_32_BIT_CONVERSION = YES;
				GCC_WARN_ABOUT_RETURN_TYPE = YES_ERROR;
				GCC_WARN_UNDECLARED_SELECTOR = YES;
				GCC_WARN_UNINITIALIZED_AUTOS = YES_AGGRESSIVE;
				GCC_WARN_UNUSED_FUNCTION = YES;
				GCC_WARN_UNUSED_VARIABLE = YES;
				IPHONEOS_DEPLOYMENT_TARGET = 10.0;
				LD_RUNPATH_SEARCH_PATHS = "/usr/lib/swift $(inherited)";
				LIBRARY_SEARCH_PATHS = (
					"\"$(TOOLCHAIN_DIR)/usr/lib/swift/$(PLATFORM_NAME)\"",
					"\"$(TOOLCHAIN_DIR)/usr/lib/swift-5.0/$(PLATFORM_NAME)\"",
					"\"$(inherited)\"",
				);
				MTL_ENABLE_DEBUG_INFO = NO;
				SDKROOT = iphoneos;
				VALIDATE_PRODUCT = YES;
			};
			name = Release;
		};
/* End XCBuildConfiguration section */

/* Begin XCConfigurationList section */
		00E357021AD99517003FC87E /* Build configuration list for PBXNativeTarget "qonteofacesTests" */ = {
			isa = XCConfigurationList;
			buildConfigurations = (
				00E356F61AD99517003FC87E /* Debug */,
				00E356F71AD99517003FC87E /* Release */,
			);
			defaultConfigurationIsVisible = 0;
			defaultConfigurationName = Release;
		};
		13B07F931A680F5B00A75B9A /* Build configuration list for PBXNativeTarget "qonteofaces" */ = {
			isa = XCConfigurationList;
			buildConfigurations = (
				13B07F941A680F5B00A75B9A /* Debug */,
				13B07F951A680F5B00A75B9A /* Release */,
			);
			defaultConfigurationIsVisible = 0;
			defaultConfigurationName = Release;
		};
		2D02E4BA1E0B4A5E006451C7 /* Build configuration list for PBXNativeTarget "qonteofaces-tvOS" */ = {
			isa = XCConfigurationList;
			buildConfigurations = (
				2D02E4971E0B4A5E006451C7 /* Debug */,
				2D02E4981E0B4A5E006451C7 /* Release */,
			);
			defaultConfigurationIsVisible = 0;
			defaultConfigurationName = Release;
		};
		2D02E4BB1E0B4A5E006451C7 /* Build configuration list for PBXNativeTarget "qonteofaces-tvOSTests" */ = {
			isa = XCConfigurationList;
			buildConfigurations = (
				2D02E4991E0B4A5E006451C7 /* Debug */,
				2D02E49A1E0B4A5E006451C7 /* Release */,
			);
			defaultConfigurationIsVisible = 0;
			defaultConfigurationName = Release;
		};
		83CBB9FA1A601CBA00E9B192 /* Build configuration list for PBXProject "qonteofaces" */ = {
			isa = XCConfigurationList;
			buildConfigurations = (
				83CBBA201A601CBA00E9B192 /* Debug */,
				83CBBA211A601CBA00E9B192 /* Release */,
			);
			defaultConfigurationIsVisible = 0;
			defaultConfigurationName = Release;
		};
/* End XCConfigurationList section */
	};
	rootObject = 83CBB9F71A601CBA00E9B192 /* Project object */;
}
